{
  "version": 4,
  "terraform_version": "1.12.1",
  "serial": 312,
  "lineage": "94c8c4a8-c3a0-d0e5-f715-dde986e05984",
  "outputs": {},
  "resources": [
    {
      "mode": "data",
      "type": "aws_availability_zones",
      "name": "available",
      "provider": "provider[\"registry.terraform.io/hashicorp/aws\"]",
      "instances": [
        {
          "schema_version": 0,
          "attributes": {
            "all_availability_zones": null,
            "exclude_names": null,
            "exclude_zone_ids": null,
            "filter": null,
            "group_names": [
              "us-east-1-zg-1"
            ],
            "id": "us-east-1",
            "names": [
              "us-east-1a",
              "us-east-1b",
              "us-east-1c",
              "us-east-1d",
              "us-east-1e",
              "us-east-1f"
            ],
            "state": null,
            "timeouts": null,
            "zone_ids": [
              "use1-az1",
              "use1-az2",
              "use1-az4",
              "use1-az6",
              "use1-az3",
              "use1-az5"
            ]
          },
          "sensitive_attributes": [],
          "identity_schema_version": 0
        }
      ]
    },
    {
      "mode": "managed",
      "type": "aws_eip",
      "name": "nat",
      "provider": "provider[\"registry.terraform.io/hashicorp/aws\"]",
      "instances": [
        {
          "schema_version": 0,
          "attributes": {
            "address": null,
            "allocation_id": "eipalloc-018693bad40472d04",
            "arn": "arn:aws:ec2:us-east-1:730335446352:elastic-ip/eipalloc-018693bad40472d04",
            "associate_with_private_ip": null,
            "association_id": "",
            "carrier_ip": "",
            "customer_owned_ip": "",
            "customer_owned_ipv4_pool": "",
            "domain": "vpc",
            "id": "eipalloc-018693bad40472d04",
            "instance": "",
            "ipam_pool_id": null,
            "network_border_group": "us-east-1",
            "network_interface": "",
            "private_dns": null,
            "private_ip": "",
            "ptr_record": "",
            "public_dns": "ec2-18-215-204-17.compute-1.amazonaws.com",
            "public_ip": "18.215.204.17",
            "public_ipv4_pool": "amazon",
            "tags": null,
            "tags_all": {},
            "timeouts": null,
            "vpc": true
          },
          "sensitive_attributes": [],
          "identity_schema_version": 0,
          "private": "eyJlMmJmYjczMC1lY2FhLTExZTYtOGY4OC0zNDM2M2JjN2M0YzAiOnsiZGVsZXRlIjoxODAwMDAwMDAwMDAsInJlYWQiOjkwMDAwMDAwMDAwMCwidXBkYXRlIjozMDAwMDAwMDAwMDB9fQ=="
        }
      ]
    },
    {
      "mode": "managed",
      "type": "aws_instance",
      "name": "VM-bastion",
      "provider": "provider[\"registry.terraform.io/hashicorp/aws\"]",
      "instances": [
        {
          "schema_version": 1,
          "attributes": {
            "ami": "ami-0f9de6e2d2f067fca",
            "arn": "arn:aws:ec2:us-east-1:730335446352:instance/i-0c2d88fd450328a0f",
            "associate_public_ip_address": true,
            "availability_zone": "us-east-1a",
            "capacity_reservation_specification": [
              {
                "capacity_reservation_preference": "open",
                "capacity_reservation_target": []
              }
            ],
            "cpu_core_count": 1,
            "cpu_options": [
              {
                "amd_sev_snp": "",
                "core_count": 1,
                "threads_per_core": 2
              }
            ],
            "cpu_threads_per_core": 2,
            "credit_specification": [
              {
                "cpu_credits": "unlimited"
              }
            ],
            "disable_api_stop": false,
            "disable_api_termination": false,
            "ebs_block_device": [],
            "ebs_optimized": false,
            "enable_primary_ipv6": null,
            "enclave_options": [
              {
                "enabled": false
              }
            ],
            "ephemeral_block_device": [],
            "get_password_data": false,
            "hibernation": false,
            "host_id": "",
            "host_resource_group_arn": null,
            "iam_instance_profile": "",
            "id": "i-0c2d88fd450328a0f",
            "instance_initiated_shutdown_behavior": "stop",
            "instance_lifecycle": "",
            "instance_market_options": [],
            "instance_state": "running",
            "instance_type": "t3.micro",
            "ipv6_address_count": 0,
            "ipv6_addresses": [],
            "key_name": "Bastion-key",
            "launch_template": [],
            "maintenance_options": [
              {
                "auto_recovery": "default"
              }
            ],
            "metadata_options": [
              {
                "http_endpoint": "enabled",
                "http_protocol_ipv6": "disabled",
                "http_put_response_hop_limit": 1,
                "http_tokens": "optional",
                "instance_metadata_tags": "disabled"
              }
            ],
            "monitoring": false,
            "network_interface": [],
            "outpost_arn": "",
            "password_data": "",
            "placement_group": "",
            "placement_partition_number": 0,
            "primary_network_interface_id": "eni-08ce879777742eef5",
            "private_dns": "ip-192-168-1-10.ec2.internal",
            "private_dns_name_options": [
              {
                "enable_resource_name_dns_a_record": false,
                "enable_resource_name_dns_aaaa_record": false,
                "hostname_type": "ip-name"
              }
            ],
            "private_ip": "192.168.1.10",
            "public_dns": "ec2-3-238-160-118.compute-1.amazonaws.com",
            "public_ip": "3.238.160.118",
            "root_block_device": [
              {
                "delete_on_termination": true,
                "device_name": "/dev/sda1",
                "encrypted": false,
                "iops": 100,
                "kms_key_id": "",
                "tags": {},
                "tags_all": {},
                "throughput": 0,
                "volume_id": "vol-002aa5b6d2cbdb793",
                "volume_size": 8,
                "volume_type": "gp2"
              }
            ],
            "secondary_private_ips": [],
            "security_groups": [
              "sg-05a29ec44a6903706"
            ],
            "source_dest_check": true,
            "spot_instance_request_id": "",
            "subnet_id": "subnet-04ff1f9f22e02e8a1",
            "tags": {
              "Name": "greenshop-Bastion"
            },
            "tags_all": {
              "Name": "greenshop-Bastion"
            },
            "tenancy": "default",
            "timeouts": null,
            "user_data": "27109ffda608d3391fdd44a4cf597a6230ff1dac",
            "user_data_base64": null,
            "user_data_replace_on_change": false,
            "volume_tags": null,
            "vpc_security_group_ids": [
              "sg-05a29ec44a6903706"
            ]
          },
          "sensitive_attributes": [
            [
              {
                "type": "get_attr",
                "value": "user_data"
              }
            ]
          ],
          "identity_schema_version": 0,
          "private": "eyJlMmJmYjczMC1lY2FhLTExZTYtOGY4OC0zNDM2M2JjN2M0YzAiOnsiY3JlYXRlIjo2MDAwMDAwMDAwMDAsImRlbGV0ZSI6MTIwMDAwMDAwMDAwMCwicmVhZCI6OTAwMDAwMDAwMDAwLCJ1cGRhdGUiOjYwMDAwMDAwMDAwMH0sInNjaGVtYV92ZXJzaW9uIjoiMSJ9",
          "dependencies": [
            "aws_key_pair.bastion_key",
            "aws_security_group.bastion_sg",
            "aws_subnet.public",
            "aws_vpc.main",
            "data.aws_availability_zones.available",
            "tls_private_key.admin",
            "tls_private_key.bastion"
          ]
        }
      ]
    },
    {
      "mode": "managed",
      "type": "aws_instance",
      "name": "VM_mariaDB",
      "provider": "provider[\"registry.terraform.io/hashicorp/aws\"]",
      "instances": [
        {
          "schema_version": 1,
          "attributes": {
            "ami": "ami-0f9de6e2d2f067fca",
            "arn": "arn:aws:ec2:us-east-1:730335446352:instance/i-0b5230c3df12d7405",
            "associate_public_ip_address": false,
            "availability_zone": "us-east-1a",
            "capacity_reservation_specification": [
              {
                "capacity_reservation_preference": "open",
                "capacity_reservation_target": []
              }
            ],
            "cpu_core_count": 1,
            "cpu_options": [
              {
                "amd_sev_snp": "",
                "core_count": 1,
                "threads_per_core": 2
              }
            ],
            "cpu_threads_per_core": 2,
            "credit_specification": [
              {
                "cpu_credits": "unlimited"
              }
            ],
            "disable_api_stop": false,
            "disable_api_termination": false,
            "ebs_block_device": [],
            "ebs_optimized": false,
            "enable_primary_ipv6": null,
            "enclave_options": [
              {
                "enabled": false
              }
            ],
            "ephemeral_block_device": [],
            "get_password_data": false,
            "hibernation": false,
            "host_id": "",
            "host_resource_group_arn": null,
            "iam_instance_profile": "",
            "id": "i-0b5230c3df12d7405",
            "instance_initiated_shutdown_behavior": "stop",
            "instance_lifecycle": "",
            "instance_market_options": [],
            "instance_state": "running",
            "instance_type": "t3.micro",
            "ipv6_address_count": 0,
            "ipv6_addresses": [],
            "key_name": "Admin",
            "launch_template": [],
            "maintenance_options": [
              {
                "auto_recovery": "default"
              }
            ],
            "metadata_options": [
              {
                "http_endpoint": "enabled",
                "http_protocol_ipv6": "disabled",
                "http_put_response_hop_limit": 1,
                "http_tokens": "optional",
                "instance_metadata_tags": "disabled"
              }
            ],
            "monitoring": false,
            "network_interface": [],
            "outpost_arn": "",
            "password_data": "",
            "placement_group": "",
            "placement_partition_number": 0,
            "primary_network_interface_id": "eni-071026d5bbd7a29fe",
            "private_dns": "ip-192-168-20-14.ec2.internal",
            "private_dns_name_options": [
              {
                "enable_resource_name_dns_a_record": false,
                "enable_resource_name_dns_aaaa_record": false,
                "hostname_type": "ip-name"
              }
            ],
            "private_ip": "192.168.20.14",
            "public_dns": "",
            "public_ip": "",
            "root_block_device": [
              {
                "delete_on_termination": true,
                "device_name": "/dev/sda1",
                "encrypted": false,
                "iops": 100,
                "kms_key_id": "",
                "tags": {},
                "tags_all": {},
                "throughput": 0,
                "volume_id": "vol-0f1f4940749751c68",
                "volume_size": 8,
                "volume_type": "gp2"
              }
            ],
            "secondary_private_ips": [],
            "security_groups": [],
            "source_dest_check": true,
            "spot_instance_request_id": "",
            "subnet_id": "subnet-0146094c80e23eadb",
            "tags": {
              "Name": "greenshop-mariaDB"
            },
            "tags_all": {
              "Name": "greenshop-mariaDB"
            },
            "tenancy": "default",
            "timeouts": null,
            "user_data": "0701b1ddab4c644febd349484d6d518b657cb399",
            "user_data_base64": null,
            "user_data_replace_on_change": false,
            "volume_tags": null,
            "vpc_security_group_ids": [
              "sg-0641767437b19acb7"
            ]
          },
          "sensitive_attributes": [],
          "identity_schema_version": 0,
          "private": "eyJlMmJmYjczMC1lY2FhLTExZTYtOGY4OC0zNDM2M2JjN2M0YzAiOnsiY3JlYXRlIjo2MDAwMDAwMDAwMDAsImRlbGV0ZSI6MTIwMDAwMDAwMDAwMCwicmVhZCI6OTAwMDAwMDAwMDAwLCJ1cGRhdGUiOjYwMDAwMDAwMDAwMH0sInNjaGVtYV92ZXJzaW9uIjoiMSJ9",
          "dependencies": [
            "aws_key_pair.admin_key",
            "aws_security_group.web_sg",
            "aws_subnet.private_db",
            "aws_subnet.public",
            "aws_vpc.main",
            "data.aws_availability_zones.available",
            "tls_private_key.admin"
          ]
        }
      ]
    },
    {
      "mode": "managed",
      "type": "aws_instance",
      "name": "docker_vm_web",
      "provider": "provider[\"registry.terraform.io/hashicorp/aws\"]",
      "instances": [
        {
          "index_key": 0,
          "schema_version": 1,
          "attributes": {
            "ami": "ami-0f9de6e2d2f067fca",
            "arn": "arn:aws:ec2:us-east-1:730335446352:instance/i-04592782dc7719b88",
            "associate_public_ip_address": false,
            "availability_zone": "us-east-1a",
            "capacity_reservation_specification": [
              {
                "capacity_reservation_preference": "open",
                "capacity_reservation_target": []
              }
            ],
            "cpu_core_count": 1,
            "cpu_options": [
              {
                "amd_sev_snp": "",
                "core_count": 1,
                "threads_per_core": 2
              }
            ],
            "cpu_threads_per_core": 2,
            "credit_specification": [
              {
                "cpu_credits": "unlimited"
              }
            ],
            "disable_api_stop": false,
            "disable_api_termination": false,
            "ebs_block_device": [],
            "ebs_optimized": false,
            "enable_primary_ipv6": null,
            "enclave_options": [
              {
                "enabled": false
              }
            ],
            "ephemeral_block_device": [],
            "get_password_data": false,
            "hibernation": false,
            "host_id": "",
            "host_resource_group_arn": null,
            "iam_instance_profile": "",
            "id": "i-04592782dc7719b88",
            "instance_initiated_shutdown_behavior": "stop",
            "instance_lifecycle": "",
            "instance_market_options": [],
            "instance_state": "running",
            "instance_type": "t3.micro",
            "ipv6_address_count": 0,
            "ipv6_addresses": [],
            "key_name": "Admin",
            "launch_template": [],
            "maintenance_options": [
              {
                "auto_recovery": "default"
              }
            ],
            "metadata_options": [
              {
                "http_endpoint": "enabled",
                "http_protocol_ipv6": "disabled",
                "http_put_response_hop_limit": 1,
                "http_tokens": "optional",
                "instance_metadata_tags": "disabled"
              }
            ],
            "monitoring": false,
            "network_interface": [],
            "outpost_arn": "",
            "password_data": "",
            "placement_group": "",
            "placement_partition_number": 0,
            "primary_network_interface_id": "eni-03996955690c64267",
            "private_dns": "ip-192-168-10-11.ec2.internal",
            "private_dns_name_options": [
              {
                "enable_resource_name_dns_a_record": false,
                "enable_resource_name_dns_aaaa_record": false,
                "hostname_type": "ip-name"
              }
            ],
            "private_ip": "192.168.10.11",
            "public_dns": "",
            "public_ip": "",
            "root_block_device": [
              {
                "delete_on_termination": true,
                "device_name": "/dev/sda1",
                "encrypted": false,
                "iops": 100,
                "kms_key_id": "",
                "tags": {},
                "tags_all": {},
                "throughput": 0,
                "volume_id": "vol-0b6e8794543d692d8",
                "volume_size": 8,
                "volume_type": "gp2"
              }
            ],
            "secondary_private_ips": [],
            "security_groups": [],
            "source_dest_check": true,
            "spot_instance_request_id": "",
            "subnet_id": "subnet-053569bd5dbecbab3",
            "tags": {
              "Name": "servweb-1"
            },
            "tags_all": {
              "Name": "servweb-1"
            },
            "tenancy": "default",
            "timeouts": null,
            "user_data": "2cec117d2cf9aade2e83478b7c99ac12f3811ba2",
            "user_data_base64": null,
            "user_data_replace_on_change": false,
            "volume_tags": null,
            "vpc_security_group_ids": [
              "sg-0131f90c13080307b",
              "sg-0641767437b19acb7"
            ]
          },
          "sensitive_attributes": [],
          "identity_schema_version": 0,
          "private": "eyJlMmJmYjczMC1lY2FhLTExZTYtOGY4OC0zNDM2M2JjN2M0YzAiOnsiY3JlYXRlIjo2MDAwMDAwMDAwMDAsImRlbGV0ZSI6MTIwMDAwMDAwMDAwMCwicmVhZCI6OTAwMDAwMDAwMDAwLCJ1cGRhdGUiOjYwMDAwMDAwMDAwMH0sInNjaGVtYV92ZXJzaW9uIjoiMSJ9",
          "dependencies": [
            "aws_key_pair.admin_key",
            "aws_security_group.bastion_sg",
            "aws_security_group.internal_ssh_sg",
            "aws_security_group.web_sg",
            "aws_subnet.private_app",
            "aws_subnet.public",
            "aws_vpc.main",
            "data.aws_availability_zones.available",
            "tls_private_key.admin"
          ]
        },
        {
          "index_key": 1,
          "schema_version": 1,
          "attributes": {
            "ami": "ami-0f9de6e2d2f067fca",
            "arn": "arn:aws:ec2:us-east-1:730335446352:instance/i-023a1a311dc1106e8",
            "associate_public_ip_address": false,
            "availability_zone": "us-east-1a",
            "capacity_reservation_specification": [
              {
                "capacity_reservation_preference": "open",
                "capacity_reservation_target": []
              }
            ],
            "cpu_core_count": 1,
            "cpu_options": [
              {
                "amd_sev_snp": "",
                "core_count": 1,
                "threads_per_core": 2
              }
            ],
            "cpu_threads_per_core": 2,
            "credit_specification": [
              {
                "cpu_credits": "unlimited"
              }
            ],
            "disable_api_stop": false,
            "disable_api_termination": false,
            "ebs_block_device": [],
            "ebs_optimized": false,
            "enable_primary_ipv6": null,
            "enclave_options": [
              {
                "enabled": false
              }
            ],
            "ephemeral_block_device": [],
            "get_password_data": false,
            "hibernation": false,
            "host_id": "",
            "host_resource_group_arn": null,
            "iam_instance_profile": "",
            "id": "i-023a1a311dc1106e8",
            "instance_initiated_shutdown_behavior": "stop",
            "instance_lifecycle": "",
            "instance_market_options": [],
            "instance_state": "running",
            "instance_type": "t3.micro",
            "ipv6_address_count": 0,
            "ipv6_addresses": [],
            "key_name": "Admin",
            "launch_template": [],
            "maintenance_options": [
              {
                "auto_recovery": "default"
              }
            ],
            "metadata_options": [
              {
                "http_endpoint": "enabled",
                "http_protocol_ipv6": "disabled",
                "http_put_response_hop_limit": 1,
                "http_tokens": "optional",
                "instance_metadata_tags": "disabled"
              }
            ],
            "monitoring": false,
            "network_interface": [],
            "outpost_arn": "",
            "password_data": "",
            "placement_group": "",
            "placement_partition_number": 0,
            "primary_network_interface_id": "eni-0ee8342e8b5af187a",
            "private_dns": "ip-192-168-10-12.ec2.internal",
            "private_dns_name_options": [
              {
                "enable_resource_name_dns_a_record": false,
                "enable_resource_name_dns_aaaa_record": false,
                "hostname_type": "ip-name"
              }
            ],
            "private_ip": "192.168.10.12",
            "public_dns": "",
            "public_ip": "",
            "root_block_device": [
              {
                "delete_on_termination": true,
                "device_name": "/dev/sda1",
                "encrypted": false,
                "iops": 100,
                "kms_key_id": "",
                "tags": {},
                "tags_all": {},
                "throughput": 0,
                "volume_id": "vol-029ea4f28ee8a734a",
                "volume_size": 8,
                "volume_type": "gp2"
              }
            ],
            "secondary_private_ips": [],
            "security_groups": [],
            "source_dest_check": true,
            "spot_instance_request_id": "",
            "subnet_id": "subnet-053569bd5dbecbab3",
            "tags": {
              "Name": "servweb-2"
            },
            "tags_all": {
              "Name": "servweb-2"
            },
            "tenancy": "default",
            "timeouts": null,
            "user_data": "2cec117d2cf9aade2e83478b7c99ac12f3811ba2",
            "user_data_base64": null,
            "user_data_replace_on_change": false,
            "volume_tags": null,
            "vpc_security_group_ids": [
              "sg-0131f90c13080307b",
              "sg-0641767437b19acb7"
            ]
          },
          "sensitive_attributes": [],
          "identity_schema_version": 0,
          "private": "eyJlMmJmYjczMC1lY2FhLTExZTYtOGY4OC0zNDM2M2JjN2M0YzAiOnsiY3JlYXRlIjo2MDAwMDAwMDAwMDAsImRlbGV0ZSI6MTIwMDAwMDAwMDAwMCwicmVhZCI6OTAwMDAwMDAwMDAwLCJ1cGRhdGUiOjYwMDAwMDAwMDAwMH0sInNjaGVtYV92ZXJzaW9uIjoiMSJ9",
          "dependencies": [
            "aws_key_pair.admin_key",
            "aws_security_group.bastion_sg",
            "aws_security_group.internal_ssh_sg",
            "aws_security_group.web_sg",
            "aws_subnet.private_app",
            "aws_subnet.public",
            "aws_vpc.main",
            "data.aws_availability_zones.available",
            "tls_private_key.admin"
          ]
        },
        {
          "index_key": 2,
          "schema_version": 1,
          "attributes": {
            "ami": "ami-0f9de6e2d2f067fca",
            "arn": "arn:aws:ec2:us-east-1:730335446352:instance/i-0ff08ecb1976ec090",
            "associate_public_ip_address": false,
            "availability_zone": "us-east-1a",
            "capacity_reservation_specification": [
              {
                "capacity_reservation_preference": "open",
                "capacity_reservation_target": []
              }
            ],
            "cpu_core_count": 1,
            "cpu_options": [
              {
                "amd_sev_snp": "",
                "core_count": 1,
                "threads_per_core": 2
              }
            ],
            "cpu_threads_per_core": 2,
            "credit_specification": [
              {
                "cpu_credits": "unlimited"
              }
            ],
            "disable_api_stop": false,
            "disable_api_termination": false,
            "ebs_block_device": [],
            "ebs_optimized": false,
            "enable_primary_ipv6": null,
            "enclave_options": [
              {
                "enabled": false
              }
            ],
            "ephemeral_block_device": [],
            "get_password_data": false,
            "hibernation": false,
            "host_id": "",
            "host_resource_group_arn": null,
            "iam_instance_profile": "",
            "id": "i-0ff08ecb1976ec090",
            "instance_initiated_shutdown_behavior": "stop",
            "instance_lifecycle": "",
            "instance_market_options": [],
            "instance_state": "running",
            "instance_type": "t3.micro",
            "ipv6_address_count": 0,
            "ipv6_addresses": [],
            "key_name": "Admin",
            "launch_template": [],
            "maintenance_options": [
              {
                "auto_recovery": "default"
              }
            ],
            "metadata_options": [
              {
                "http_endpoint": "enabled",
                "http_protocol_ipv6": "disabled",
                "http_put_response_hop_limit": 1,
                "http_tokens": "optional",
                "instance_metadata_tags": "disabled"
              }
            ],
            "monitoring": false,
            "network_interface": [],
            "outpost_arn": "",
            "password_data": "",
            "placement_group": "",
            "placement_partition_number": 0,
            "primary_network_interface_id": "eni-0603d90deec7802a7",
            "private_dns": "ip-192-168-10-13.ec2.internal",
            "private_dns_name_options": [
              {
                "enable_resource_name_dns_a_record": false,
                "enable_resource_name_dns_aaaa_record": false,
                "hostname_type": "ip-name"
              }
            ],
            "private_ip": "192.168.10.13",
            "public_dns": "",
            "public_ip": "",
            "root_block_device": [
              {
                "delete_on_termination": true,
                "device_name": "/dev/sda1",
                "encrypted": false,
                "iops": 100,
                "kms_key_id": "",
                "tags": {},
                "tags_all": {},
                "throughput": 0,
                "volume_id": "vol-01e2afa6585eb5c72",
                "volume_size": 8,
                "volume_type": "gp2"
              }
            ],
            "secondary_private_ips": [],
            "security_groups": [],
            "source_dest_check": true,
            "spot_instance_request_id": "",
            "subnet_id": "subnet-053569bd5dbecbab3",
            "tags": {
              "Name": "servweb-3"
            },
            "tags_all": {
              "Name": "servweb-3"
            },
            "tenancy": "default",
            "timeouts": null,
            "user_data": "2cec117d2cf9aade2e83478b7c99ac12f3811ba2",
            "user_data_base64": null,
            "user_data_replace_on_change": false,
            "volume_tags": null,
            "vpc_security_group_ids": [
              "sg-0131f90c13080307b",
              "sg-0641767437b19acb7"
            ]
          },
          "sensitive_attributes": [],
          "identity_schema_version": 0,
          "private": "eyJlMmJmYjczMC1lY2FhLTExZTYtOGY4OC0zNDM2M2JjN2M0YzAiOnsiY3JlYXRlIjo2MDAwMDAwMDAwMDAsImRlbGV0ZSI6MTIwMDAwMDAwMDAwMCwicmVhZCI6OTAwMDAwMDAwMDAwLCJ1cGRhdGUiOjYwMDAwMDAwMDAwMH0sInNjaGVtYV92ZXJzaW9uIjoiMSJ9",
          "dependencies": [
            "aws_key_pair.admin_key",
            "aws_security_group.bastion_sg",
            "aws_security_group.internal_ssh_sg",
            "aws_security_group.web_sg",
            "aws_subnet.private_app",
            "aws_subnet.public",
            "aws_vpc.main",
            "data.aws_availability_zones.available",
            "tls_private_key.admin"
          ]
        }
      ]
    },
    {
      "mode": "managed",
      "type": "aws_internet_gateway",
      "name": "igw",
      "provider": "provider[\"registry.terraform.io/hashicorp/aws\"]",
      "instances": [
        {
          "schema_version": 0,
          "attributes": {
            "arn": "arn:aws:ec2:us-east-1:730335446352:internet-gateway/igw-0fedd12256f96099f",
            "id": "igw-0fedd12256f96099f",
            "owner_id": "730335446352",
            "tags": null,
            "tags_all": {},
            "timeouts": null,
            "vpc_id": "vpc-0d40a75040e15f7dd"
          },
          "sensitive_attributes": [],
          "identity_schema_version": 0,
          "private": "eyJlMmJmYjczMC1lY2FhLTExZTYtOGY4OC0zNDM2M2JjN2M0YzAiOnsiY3JlYXRlIjoxMjAwMDAwMDAwMDAwLCJkZWxldGUiOjEyMDAwMDAwMDAwMDAsInVwZGF0ZSI6MTIwMDAwMDAwMDAwMH19",
          "dependencies": [
            "aws_vpc.main"
          ]
        }
      ]
    },
    {
      "mode": "managed",
      "type": "aws_key_pair",
      "name": "admin_key",
      "provider": "provider[\"registry.terraform.io/hashicorp/aws\"]",
      "instances": [
        {
          "schema_version": 1,
          "attributes": {
            "arn": "arn:aws:ec2:us-east-1:730335446352:key-pair/Admin",
            "fingerprint": "28:88:2f:f3:50:ef:4a:14:83:5d:18:78:d3:65:7f:09",
            "id": "Admin",
            "key_name": "Admin",
            "key_name_prefix": "",
            "key_pair_id": "key-033c4114f3cac12d0",
            "key_type": "rsa",
            "public_key": "ssh-rsa AAAAB3NzaC1yc2EAAAADAQABAAACAQDZivDBBR5eWUnjefowWQmS085KX6iUlmG71lZH3BqZ4+AECnN4Ff3vtvCdt5IhMqaGntXuLs1Dq6IU2C3toDA/EjrSB5JlQR240b8pT4Yq/XKeGSkM4VdT/IH1ttwGfdA9+1ehLJl7lqnBfgS3WZrc1c94vbq1cDE7oQgzIUfzuhbgMeV98wR18Znh+n3YyMbp+KgYunFBv5YK6cdRSPr/ywjqQP68uf4ow3bPyt3fPDYuf7lBIssg4vFVQ0x7YAv/AnvYxK5Sj1woxWwJ+T7lc3L2z1dCsLKDeh6E+ng7sHi9TKRssphDE9NT6qPe3uXLux8HBDtLlMhEOxytY4fM3AsFSV8zj1s3UB1kLLY3Y44K+19LhWMPDA4yD3OSFL/IRHrEA1/vbRh4ddSGRalf7b7bfjXreMPhxDQx+mL6rehRv/Xh2oo7IUOTyeiW0Hhs9gKsbHpahDWkMiizALTGsxo1YglwDFWnHy0DFaKwjgjZOVtu1GMOBfJKLb4GGkK6Jrf3Uy9n3LNKyQPugalCrlwKNFARXXC5GnIX1FhYy+8kz/Cbi2cZlZSvbzUurJ81GXsDrX0AtQI6LQYE+/WlcnaPePaVezU+OAzHNDRhihfGjGCC/Ccvpb9X8sQSmMaeoDMh9ZEUP/zHVgbkqhLrDUCaQRwRZM8FuvoBUV7e1Q==",
            "tags": null,
            "tags_all": {}
          },
          "sensitive_attributes": [],
          "identity_schema_version": 0,
          "private": "eyJzY2hlbWFfdmVyc2lvbiI6IjEifQ==",
          "dependencies": [
            "tls_private_key.admin"
          ]
        }
      ]
    },
    {
      "mode": "managed",
      "type": "aws_key_pair",
      "name": "bastion_key",
      "provider": "provider[\"registry.terraform.io/hashicorp/aws\"]",
      "instances": [
        {
          "schema_version": 1,
          "attributes": {
            "arn": "arn:aws:ec2:us-east-1:730335446352:key-pair/Bastion-key",
            "fingerprint": "ca:c7:79:f3:25:9a:57:79:e3:d9:94:24:ee:58:fa:f1",
            "id": "Bastion-key",
            "key_name": "Bastion-key",
            "key_name_prefix": "",
            "key_pair_id": "key-060eb74021a0d9a96",
            "key_type": "rsa",
            "public_key": "ssh-rsa AAAAB3NzaC1yc2EAAAADAQABAAACAQDNzPCHlL2loa+nJ+RtZ1xNBk5qB77nqL1AxoEDOtyf2nahEI8w4LQVCw2foHlGoclc8rMg4xTlrrwBVlieABMpOS3sG1Jouy4QdUSreqiOz8wN+7jsUWqCRFP6ytNJMYwBZRUHucMq+axYIXNZAg+T5cXcki9PYfkhjHtdjQa95toMK8PeirWK1KnbyDiMxTQvhEDw4JJWDyZPDWnMRWuxNwwi9V/AF/sxX8SkNx6oyh1Iobtww9Y58MZ0a4bH52UBiYkIsF191NjZQEzaisjPYt2GRk39C1v8dJ7merIA1ghjNNwxkfndvzMoBNhlt1piSP9T53Qq+A5p7SEbP1uT+CAk8TRcElHQaQB8Vchmc8PxhngQFaH2CaasPJlt2iOMlk8cpXypzgCjwKsFvCwYgwhNWL/7ZNRQmk+J/Ezj3FoYPDdgpH6UiN66sJdCfbxOFkw7uwdnHNmSQ2gXEYxwhlMXNLJ5if/mkVL7bbJSnacHndy2dRIlGJGlap3q1k1XM5ELLTjuE70rILK+2c7WCqcpLInHbsZ6UHv7emTMoOaLcHq1jdly8hK2+JNn5eJFsf+saQ+V/Ox5wtt1hLkWR4YjWqwx9NIZqcI7CrkNmThsSoBCDX9xiqpuiLe4wO7Z06Po+zRbL/bY5Ao3ZUhZkhz6wHtlikXkU2LpzapN2Q==",
            "tags": null,
            "tags_all": {}
          },
          "sensitive_attributes": [],
          "identity_schema_version": 0,
          "private": "eyJzY2hlbWFfdmVyc2lvbiI6IjEifQ==",
          "dependencies": [
            "tls_private_key.bastion"
          ]
        }
      ]
    },
    {
      "mode": "managed",
      "type": "aws_nat_gateway",
      "name": "nat",
      "provider": "provider[\"registry.terraform.io/hashicorp/aws\"]",
      "instances": [
        {
          "schema_version": 0,
          "attributes": {
            "allocation_id": "eipalloc-018693bad40472d04",
            "association_id": "eipassoc-09a5cce3eeefd413f",
            "connectivity_type": "public",
            "id": "nat-0ed90ab6b91496c55",
            "network_interface_id": "eni-01e90ab1bd687b918",
            "private_ip": "192.168.1.103",
            "public_ip": "18.215.204.17",
            "secondary_allocation_ids": null,
            "secondary_private_ip_address_count": 0,
            "secondary_private_ip_addresses": [],
            "subnet_id": "subnet-04ff1f9f22e02e8a1",
            "tags": null,
            "tags_all": {},
            "timeouts": null
          },
          "sensitive_attributes": [],
          "identity_schema_version": 0,
          "private": "eyJlMmJmYjczMC1lY2FhLTExZTYtOGY4OC0zNDM2M2JjN2M0YzAiOnsiY3JlYXRlIjo2MDAwMDAwMDAwMDAsImRlbGV0ZSI6MTgwMDAwMDAwMDAwMCwidXBkYXRlIjo2MDAwMDAwMDAwMDB9fQ==",
          "dependencies": [
            "aws_eip.nat",
            "aws_subnet.public",
            "aws_vpc.main",
            "data.aws_availability_zones.available"
          ]
        }
      ]
    },
    {
      "mode": "managed",
      "type": "aws_route_table",
      "name": "private_app",
      "provider": "provider[\"registry.terraform.io/hashicorp/aws\"]",
      "instances": [
        {
          "schema_version": 0,
          "attributes": {
            "arn": "arn:aws:ec2:us-east-1:730335446352:route-table/rtb-0e06cd8e5c28143b6",
            "id": "rtb-0e06cd8e5c28143b6",
            "owner_id": "730335446352",
            "propagating_vgws": [],
            "route": [
              {
                "carrier_gateway_id": "",
                "cidr_block": "0.0.0.0/0",
                "core_network_arn": "",
                "destination_prefix_list_id": "",
                "egress_only_gateway_id": "",
                "gateway_id": "",
                "ipv6_cidr_block": "",
                "local_gateway_id": "",
                "nat_gateway_id": "nat-0ed90ab6b91496c55",
                "network_interface_id": "",
                "transit_gateway_id": "",
                "vpc_endpoint_id": "",
                "vpc_peering_connection_id": ""
              }
            ],
            "tags": null,
            "tags_all": {},
            "timeouts": null,
            "vpc_id": "vpc-0d40a75040e15f7dd"
          },
          "sensitive_attributes": [],
          "identity_schema_version": 0,
          "private": "eyJlMmJmYjczMC1lY2FhLTExZTYtOGY4OC0zNDM2M2JjN2M0YzAiOnsiY3JlYXRlIjozMDAwMDAwMDAwMDAsImRlbGV0ZSI6MzAwMDAwMDAwMDAwLCJ1cGRhdGUiOjEyMDAwMDAwMDAwMH19",
          "dependencies": [
            "aws_eip.nat",
            "aws_nat_gateway.nat",
            "aws_subnet.public",
            "aws_vpc.main",
            "data.aws_availability_zones.available"
          ]
        }
      ]
    },
    {
      "mode": "managed",
      "type": "aws_route_table",
      "name": "private_db",
      "provider": "provider[\"registry.terraform.io/hashicorp/aws\"]",
      "instances": [
        {
          "schema_version": 0,
          "attributes": {
            "arn": "arn:aws:ec2:us-east-1:730335446352:route-table/rtb-063aa3436ac76413d",
            "id": "rtb-063aa3436ac76413d",
            "owner_id": "730335446352",
            "propagating_vgws": [],
            "route": [
              {
                "carrier_gateway_id": "",
                "cidr_block": "0.0.0.0/0",
                "core_network_arn": "",
                "destination_prefix_list_id": "",
                "egress_only_gateway_id": "",
                "gateway_id": "",
                "ipv6_cidr_block": "",
                "local_gateway_id": "",
                "nat_gateway_id": "nat-0ed90ab6b91496c55",
                "network_interface_id": "",
                "transit_gateway_id": "",
                "vpc_endpoint_id": "",
                "vpc_peering_connection_id": ""
              }
            ],
            "tags": null,
            "tags_all": {},
            "timeouts": null,
            "vpc_id": "vpc-0d40a75040e15f7dd"
          },
          "sensitive_attributes": [],
          "identity_schema_version": 0,
          "private": "eyJlMmJmYjczMC1lY2FhLTExZTYtOGY4OC0zNDM2M2JjN2M0YzAiOnsiY3JlYXRlIjozMDAwMDAwMDAwMDAsImRlbGV0ZSI6MzAwMDAwMDAwMDAwLCJ1cGRhdGUiOjEyMDAwMDAwMDAwMH19",
          "dependencies": [
            "aws_eip.nat",
            "aws_nat_gateway.nat",
            "aws_subnet.public",
            "aws_vpc.main",
            "data.aws_availability_zones.available"
          ]
        }
      ]
    },
    {
      "mode": "managed",
      "type": "aws_route_table",
      "name": "public",
      "provider": "provider[\"registry.terraform.io/hashicorp/aws\"]",
      "instances": [
        {
          "schema_version": 0,
          "attributes": {
            "arn": "arn:aws:ec2:us-east-1:730335446352:route-table/rtb-0716491a33580e102",
            "id": "rtb-0716491a33580e102",
            "owner_id": "730335446352",
            "propagating_vgws": [],
            "route": [
              {
                "carrier_gateway_id": "",
                "cidr_block": "0.0.0.0/0",
                "core_network_arn": "",
                "destination_prefix_list_id": "",
                "egress_only_gateway_id": "",
                "gateway_id": "igw-0fedd12256f96099f",
                "ipv6_cidr_block": "",
                "local_gateway_id": "",
                "nat_gateway_id": "",
                "network_interface_id": "",
                "transit_gateway_id": "",
                "vpc_endpoint_id": "",
                "vpc_peering_connection_id": ""
              }
            ],
            "tags": null,
            "tags_all": {},
            "timeouts": null,
            "vpc_id": "vpc-0d40a75040e15f7dd"
          },
          "sensitive_attributes": [],
          "identity_schema_version": 0,
          "private": "eyJlMmJmYjczMC1lY2FhLTExZTYtOGY4OC0zNDM2M2JjN2M0YzAiOnsiY3JlYXRlIjozMDAwMDAwMDAwMDAsImRlbGV0ZSI6MzAwMDAwMDAwMDAwLCJ1cGRhdGUiOjEyMDAwMDAwMDAwMH19",
          "dependencies": [
            "aws_internet_gateway.igw",
            "aws_vpc.main"
          ]
        }
      ]
    },
    {
      "mode": "managed",
      "type": "aws_route_table_association",
      "name": "private_app_assoc",
      "provider": "provider[\"registry.terraform.io/hashicorp/aws\"]",
      "instances": [
        {
          "schema_version": 0,
          "attributes": {
            "gateway_id": "",
            "id": "rtbassoc-0c82aeade23fb92df",
            "route_table_id": "rtb-0e06cd8e5c28143b6",
            "subnet_id": "subnet-053569bd5dbecbab3",
            "timeouts": null
          },
          "sensitive_attributes": [],
          "identity_schema_version": 0,
          "private": "eyJlMmJmYjczMC1lY2FhLTExZTYtOGY4OC0zNDM2M2JjN2M0YzAiOnsiY3JlYXRlIjozMDAwMDAwMDAwMDAsImRlbGV0ZSI6MzAwMDAwMDAwMDAwLCJ1cGRhdGUiOjEyMDAwMDAwMDAwMH19",
          "dependencies": [
            "aws_eip.nat",
            "aws_nat_gateway.nat",
            "aws_route_table.private_app",
            "aws_subnet.private_app",
            "aws_subnet.public",
            "aws_vpc.main",
            "data.aws_availability_zones.available"
          ]
        }
      ]
    },
    {
      "mode": "managed",
      "type": "aws_route_table_association",
      "name": "private_db_assoc",
      "provider": "provider[\"registry.terraform.io/hashicorp/aws\"]",
      "instances": [
        {
          "schema_version": 0,
          "attributes": {
            "gateway_id": "",
            "id": "rtbassoc-0c25873e08f01f75d",
            "route_table_id": "rtb-063aa3436ac76413d",
            "subnet_id": "subnet-0146094c80e23eadb",
            "timeouts": null
          },
          "sensitive_attributes": [],
          "identity_schema_version": 0,
          "private": "eyJlMmJmYjczMC1lY2FhLTExZTYtOGY4OC0zNDM2M2JjN2M0YzAiOnsiY3JlYXRlIjozMDAwMDAwMDAwMDAsImRlbGV0ZSI6MzAwMDAwMDAwMDAwLCJ1cGRhdGUiOjEyMDAwMDAwMDAwMH19",
          "dependencies": [
            "aws_eip.nat",
            "aws_nat_gateway.nat",
            "aws_route_table.private_db",
            "aws_subnet.private_db",
            "aws_subnet.public",
            "aws_vpc.main",
            "data.aws_availability_zones.available"
          ]
        }
      ]
    },
    {
      "mode": "managed",
      "type": "aws_route_table_association",
      "name": "public_assoc",
      "provider": "provider[\"registry.terraform.io/hashicorp/aws\"]",
      "instances": [
        {
          "schema_version": 0,
          "attributes": {
            "gateway_id": "",
            "id": "rtbassoc-009026dfa2ef2abe2",
            "route_table_id": "rtb-0716491a33580e102",
            "subnet_id": "subnet-04ff1f9f22e02e8a1",
            "timeouts": null
          },
          "sensitive_attributes": [],
          "identity_schema_version": 0,
          "private": "eyJlMmJmYjczMC1lY2FhLTExZTYtOGY4OC0zNDM2M2JjN2M0YzAiOnsiY3JlYXRlIjozMDAwMDAwMDAwMDAsImRlbGV0ZSI6MzAwMDAwMDAwMDAwLCJ1cGRhdGUiOjEyMDAwMDAwMDAwMH19",
          "dependencies": [
            "aws_internet_gateway.igw",
            "aws_route_table.public",
            "aws_subnet.public",
            "aws_vpc.main",
            "data.aws_availability_zones.available"
          ]
        }
      ]
    },
    {
      "mode": "managed",
      "type": "aws_security_group",
      "name": "bastion_sg",
      "provider": "provider[\"registry.terraform.io/hashicorp/aws\"]",
      "instances": [
        {
          "schema_version": 1,
          "attributes": {
            "arn": "arn:aws:ec2:us-east-1:730335446352:security-group/sg-05a29ec44a6903706",
            "description": "Allow SSH from trusted IP",
            "egress": [
              {
                "cidr_blocks": [
                  "0.0.0.0/0"
                ],
                "description": "",
                "from_port": 0,
                "ipv6_cidr_blocks": [],
                "prefix_list_ids": [],
                "protocol": "-1",
                "security_groups": [],
                "self": false,
                "to_port": 0
              }
            ],
            "id": "sg-05a29ec44a6903706",
            "ingress": [
              {
                "cidr_blocks": [
                  "0.0.0.0/0"
                ],
                "description": "",
                "from_port": -1,
                "ipv6_cidr_blocks": [],
                "prefix_list_ids": [],
                "protocol": "icmp",
                "security_groups": [],
                "self": false,
                "to_port": -1
              },
              {
                "cidr_blocks": [
                  "18.208.180.42/32",
                  "77.132.122.218/32",
                  "92.161.164.161/32"
                ],
                "description": "",
                "from_port": 22,
                "ipv6_cidr_blocks": [],
                "prefix_list_ids": [],
                "protocol": "tcp",
                "security_groups": [],
                "self": false,
                "to_port": 22
              }
            ],
            "name": "greenshop-bastion-sg",
            "name_prefix": "",
            "owner_id": "730335446352",
            "revoke_rules_on_delete": false,
            "tags": null,
            "tags_all": {},
            "timeouts": null,
            "vpc_id": "vpc-0d40a75040e15f7dd"
          },
          "sensitive_attributes": [],
          "identity_schema_version": 0,
          "private": "eyJlMmJmYjczMC1lY2FhLTExZTYtOGY4OC0zNDM2M2JjN2M0YzAiOnsiY3JlYXRlIjo2MDAwMDAwMDAwMDAsImRlbGV0ZSI6OTAwMDAwMDAwMDAwfSwic2NoZW1hX3ZlcnNpb24iOiIxIn0=",
          "dependencies": [
            "aws_vpc.main"
          ]
        }
      ]
    },
    {
      "mode": "managed",
      "type": "aws_security_group",
      "name": "db_sg",
      "provider": "provider[\"registry.terraform.io/hashicorp/aws\"]",
      "instances": [
        {
          "schema_version": 1,
          "attributes": {
            "arn": "arn:aws:ec2:us-east-1:730335446352:security-group/sg-05537edeefb30dc9e",
            "description": "Managed by Terraform",
            "egress": [
              {
                "cidr_blocks": [
                  "0.0.0.0/0"
                ],
                "description": "",
                "from_port": 0,
                "ipv6_cidr_blocks": [],
                "prefix_list_ids": [],
                "protocol": "-1",
                "security_groups": [],
                "self": false,
                "to_port": 0
              }
            ],
            "id": "sg-05537edeefb30dc9e",
            "ingress": [
              {
                "cidr_blocks": [
                  "0.0.0.0/0"
                ],
                "description": "",
                "from_port": -1,
                "ipv6_cidr_blocks": [],
                "prefix_list_ids": [],
                "protocol": "icmp",
                "security_groups": [],
                "self": false,
                "to_port": -1
              },
              {
                "cidr_blocks": [
                  "0.0.0.0/0"
                ],
                "description": "",
                "from_port": 22,
                "ipv6_cidr_blocks": [],
                "prefix_list_ids": [],
                "protocol": "tcp",
                "security_groups": [],
                "self": false,
                "to_port": 22
              },
              {
                "cidr_blocks": [],
                "description": "",
                "from_port": 3306,
                "ipv6_cidr_blocks": [],
                "prefix_list_ids": [],
                "protocol": "tcp",
                "security_groups": [
                  "sg-0641767437b19acb7"
                ],
                "self": false,
                "to_port": 3306
              }
            ],
            "name": "greenshop-db-sg",
            "name_prefix": "",
            "owner_id": "730335446352",
            "revoke_rules_on_delete": false,
            "tags": null,
            "tags_all": {},
            "timeouts": null,
            "vpc_id": "vpc-0d40a75040e15f7dd"
          },
          "sensitive_attributes": [],
          "identity_schema_version": 0,
          "private": "eyJlMmJmYjczMC1lY2FhLTExZTYtOGY4OC0zNDM2M2JjN2M0YzAiOnsiY3JlYXRlIjo2MDAwMDAwMDAwMDAsImRlbGV0ZSI6OTAwMDAwMDAwMDAwfSwic2NoZW1hX3ZlcnNpb24iOiIxIn0=",
          "dependencies": [
            "aws_security_group.web_sg",
            "aws_subnet.public",
            "aws_vpc.main",
            "data.aws_availability_zones.available"
          ]
        }
      ]
    },
    {
      "mode": "managed",
      "type": "aws_security_group",
      "name": "internal_ssh_sg",
      "provider": "provider[\"registry.terraform.io/hashicorp/aws\"]",
      "instances": [
        {
          "schema_version": 1,
          "attributes": {
            "arn": "arn:aws:ec2:us-east-1:730335446352:security-group/sg-0131f90c13080307b",
            "description": "Managed by Terraform",
            "egress": [
              {
                "cidr_blocks": [
                  "0.0.0.0/0"
                ],
                "description": "",
                "from_port": 0,
                "ipv6_cidr_blocks": [],
                "prefix_list_ids": [],
                "protocol": "-1",
                "security_groups": [],
                "self": false,
                "to_port": 0
              }
            ],
            "id": "sg-0131f90c13080307b",
            "ingress": [
              {
                "cidr_blocks": [],
                "description": "",
                "from_port": 22,
                "ipv6_cidr_blocks": [],
                "prefix_list_ids": [],
                "protocol": "tcp",
                "security_groups": [
                  "sg-05a29ec44a6903706"
                ],
                "self": false,
                "to_port": 22
              }
            ],
            "name": "greenshop-internal-ssh",
            "name_prefix": "",
            "owner_id": "730335446352",
            "revoke_rules_on_delete": false,
            "tags": {
              "Name": "greenshop-ssh-from-bastion"
            },
            "tags_all": {
              "Name": "greenshop-ssh-from-bastion"
            },
            "timeouts": null,
            "vpc_id": "vpc-0d40a75040e15f7dd"
          },
          "sensitive_attributes": [],
          "identity_schema_version": 0,
          "private": "eyJlMmJmYjczMC1lY2FhLTExZTYtOGY4OC0zNDM2M2JjN2M0YzAiOnsiY3JlYXRlIjo2MDAwMDAwMDAwMDAsImRlbGV0ZSI6OTAwMDAwMDAwMDAwfSwic2NoZW1hX3ZlcnNpb24iOiIxIn0=",
          "dependencies": [
            "aws_security_group.bastion_sg",
            "aws_vpc.main"
          ]
        }
      ]
    },
    {
      "mode": "managed",
      "type": "aws_security_group",
      "name": "web_sg",
      "provider": "provider[\"registry.terraform.io/hashicorp/aws\"]",
      "instances": [
        {
          "schema_version": 1,
          "attributes": {
            "arn": "arn:aws:ec2:us-east-1:730335446352:security-group/sg-0641767437b19acb7",
            "description": "Managed by Terraform",
            "egress": [
              {
                "cidr_blocks": [
                  "0.0.0.0/0"
                ],
                "description": "",
                "from_port": 0,
                "ipv6_cidr_blocks": [],
                "prefix_list_ids": [],
                "protocol": "-1",
                "security_groups": [],
                "self": false,
                "to_port": 0
              }
            ],
            "id": "sg-0641767437b19acb7",
            "ingress": [
              {
                "cidr_blocks": [
                  "0.0.0.0/0"
                ],
                "description": "",
                "from_port": -1,
                "ipv6_cidr_blocks": [],
                "prefix_list_ids": [],
                "protocol": "icmp",
                "security_groups": [],
                "self": false,
                "to_port": -1
              },
              {
                "cidr_blocks": [
                  "0.0.0.0/0"
                ],
                "description": "",
                "from_port": 22,
                "ipv6_cidr_blocks": [],
                "prefix_list_ids": [],
                "protocol": "tcp",
                "security_groups": [],
                "self": false,
                "to_port": 22
              },
              {
                "cidr_blocks": [
                  "0.0.0.0/0"
                ],
                "description": "",
                "from_port": 80,
                "ipv6_cidr_blocks": [],
                "prefix_list_ids": [],
                "protocol": "tcp",
                "security_groups": [],
                "self": false,
                "to_port": 80
              },
              {
                "cidr_blocks": [
                  "192.168.1.0/24"
                ],
                "description": "",
                "from_port": 80,
                "ipv6_cidr_blocks": [],
                "prefix_list_ids": [],
                "protocol": "tcp",
                "security_groups": [],
                "self": false,
                "to_port": 80
              }
            ],
            "name": "greenshop-web-sg",
            "name_prefix": "",
            "owner_id": "730335446352",
            "revoke_rules_on_delete": false,
            "tags": null,
            "tags_all": {},
            "timeouts": null,
            "vpc_id": "vpc-0d40a75040e15f7dd"
          },
          "sensitive_attributes": [],
          "identity_schema_version": 0,
          "private": "eyJlMmJmYjczMC1lY2FhLTExZTYtOGY4OC0zNDM2M2JjN2M0YzAiOnsiY3JlYXRlIjo2MDAwMDAwMDAwMDAsImRlbGV0ZSI6OTAwMDAwMDAwMDAwfSwic2NoZW1hX3ZlcnNpb24iOiIxIn0=",
          "dependencies": [
            "aws_subnet.public",
            "aws_vpc.main",
            "data.aws_availability_zones.available"
          ]
        }
      ]
    },
    {
      "mode": "managed",
      "type": "aws_subnet",
      "name": "private_app",
      "provider": "provider[\"registry.terraform.io/hashicorp/aws\"]",
      "instances": [
        {
          "schema_version": 1,
          "attributes": {
            "arn": "arn:aws:ec2:us-east-1:730335446352:subnet/subnet-053569bd5dbecbab3",
            "assign_ipv6_address_on_creation": false,
            "availability_zone": "us-east-1a",
            "availability_zone_id": "use1-az1",
            "cidr_block": "192.168.10.0/24",
            "customer_owned_ipv4_pool": "",
            "enable_dns64": false,
            "enable_lni_at_device_index": 0,
            "enable_resource_name_dns_a_record_on_launch": false,
            "enable_resource_name_dns_aaaa_record_on_launch": false,
            "id": "subnet-053569bd5dbecbab3",
            "ipv6_cidr_block": "",
            "ipv6_cidr_block_association_id": "",
            "ipv6_native": false,
            "map_customer_owned_ip_on_launch": false,
            "map_public_ip_on_launch": false,
            "outpost_arn": "",
            "owner_id": "730335446352",
            "private_dns_hostname_type_on_launch": "ip-name",
            "tags": {
              "Name": "greenshop-private-app"
            },
            "tags_all": {
              "Name": "greenshop-private-app"
            },
            "timeouts": null,
            "vpc_id": "vpc-0d40a75040e15f7dd"
          },
          "sensitive_attributes": [],
          "identity_schema_version": 0,
          "private": "eyJlMmJmYjczMC1lY2FhLTExZTYtOGY4OC0zNDM2M2JjN2M0YzAiOnsiY3JlYXRlIjo2MDAwMDAwMDAwMDAsImRlbGV0ZSI6MTIwMDAwMDAwMDAwMH0sInNjaGVtYV92ZXJzaW9uIjoiMSJ9",
          "dependencies": [
            "aws_vpc.main",
            "data.aws_availability_zones.available"
          ]
        }
      ]
    },
    {
      "mode": "managed",
      "type": "aws_subnet",
      "name": "private_db",
      "provider": "provider[\"registry.terraform.io/hashicorp/aws\"]",
      "instances": [
        {
          "schema_version": 1,
          "attributes": {
            "arn": "arn:aws:ec2:us-east-1:730335446352:subnet/subnet-0146094c80e23eadb",
            "assign_ipv6_address_on_creation": false,
            "availability_zone": "us-east-1a",
            "availability_zone_id": "use1-az1",
            "cidr_block": "192.168.20.0/24",
            "customer_owned_ipv4_pool": "",
            "enable_dns64": false,
            "enable_lni_at_device_index": 0,
            "enable_resource_name_dns_a_record_on_launch": false,
            "enable_resource_name_dns_aaaa_record_on_launch": false,
            "id": "subnet-0146094c80e23eadb",
            "ipv6_cidr_block": "",
            "ipv6_cidr_block_association_id": "",
            "ipv6_native": false,
            "map_customer_owned_ip_on_launch": false,
            "map_public_ip_on_launch": false,
            "outpost_arn": "",
            "owner_id": "730335446352",
            "private_dns_hostname_type_on_launch": "ip-name",
            "tags": {
              "Name": "greenshop-private-db"
            },
            "tags_all": {
              "Name": "greenshop-private-db"
            },
            "timeouts": null,
            "vpc_id": "vpc-0d40a75040e15f7dd"
          },
          "sensitive_attributes": [],
          "identity_schema_version": 0,
          "private": "eyJlMmJmYjczMC1lY2FhLTExZTYtOGY4OC0zNDM2M2JjN2M0YzAiOnsiY3JlYXRlIjo2MDAwMDAwMDAwMDAsImRlbGV0ZSI6MTIwMDAwMDAwMDAwMH0sInNjaGVtYV92ZXJzaW9uIjoiMSJ9",
          "dependencies": [
            "aws_vpc.main",
            "data.aws_availability_zones.available"
          ]
        }
      ]
    },
    {
      "mode": "managed",
      "type": "aws_subnet",
      "name": "public",
      "provider": "provider[\"registry.terraform.io/hashicorp/aws\"]",
      "instances": [
        {
          "schema_version": 1,
          "attributes": {
            "arn": "arn:aws:ec2:us-east-1:730335446352:subnet/subnet-04ff1f9f22e02e8a1",
            "assign_ipv6_address_on_creation": false,
            "availability_zone": "us-east-1a",
            "availability_zone_id": "use1-az1",
            "cidr_block": "192.168.1.0/24",
            "customer_owned_ipv4_pool": "",
            "enable_dns64": false,
            "enable_lni_at_device_index": 0,
            "enable_resource_name_dns_a_record_on_launch": false,
            "enable_resource_name_dns_aaaa_record_on_launch": false,
            "id": "subnet-04ff1f9f22e02e8a1",
            "ipv6_cidr_block": "",
            "ipv6_cidr_block_association_id": "",
            "ipv6_native": false,
            "map_customer_owned_ip_on_launch": false,
            "map_public_ip_on_launch": true,
            "outpost_arn": "",
            "owner_id": "730335446352",
            "private_dns_hostname_type_on_launch": "ip-name",
            "tags": {
              "Name": "greenshop-public-subnet"
            },
            "tags_all": {
              "Name": "greenshop-public-subnet"
            },
            "timeouts": null,
            "vpc_id": "vpc-0d40a75040e15f7dd"
          },
          "sensitive_attributes": [],
          "identity_schema_version": 0,
          "private": "eyJlMmJmYjczMC1lY2FhLTExZTYtOGY4OC0zNDM2M2JjN2M0YzAiOnsiY3JlYXRlIjo2MDAwMDAwMDAwMDAsImRlbGV0ZSI6MTIwMDAwMDAwMDAwMH0sInNjaGVtYV92ZXJzaW9uIjoiMSJ9",
          "dependencies": [
            "aws_vpc.main",
            "data.aws_availability_zones.available"
          ]
        }
      ]
    },
    {
      "mode": "managed",
      "type": "aws_vpc",
      "name": "main",
      "provider": "provider[\"registry.terraform.io/hashicorp/aws\"]",
      "instances": [
        {
          "schema_version": 1,
          "attributes": {
            "arn": "arn:aws:ec2:us-east-1:730335446352:vpc/vpc-0d40a75040e15f7dd",
            "assign_generated_ipv6_cidr_block": false,
            "cidr_block": "192.168.0.0/16",
            "default_network_acl_id": "acl-0da9420a19899ba2a",
            "default_route_table_id": "rtb-0182f9db44fb4bfb7",
            "default_security_group_id": "sg-072080d3c48e721b8",
            "dhcp_options_id": "dopt-00f1ac0d7f3b622f6",
            "enable_dns_hostnames": true,
            "enable_dns_support": true,
            "enable_network_address_usage_metrics": false,
            "id": "vpc-0d40a75040e15f7dd",
            "instance_tenancy": "default",
            "ipv4_ipam_pool_id": null,
            "ipv4_netmask_length": null,
            "ipv6_association_id": "",
            "ipv6_cidr_block": "",
            "ipv6_cidr_block_network_border_group": "",
            "ipv6_ipam_pool_id": "",
            "ipv6_netmask_length": 0,
            "main_route_table_id": "rtb-0182f9db44fb4bfb7",
            "owner_id": "730335446352",
            "tags": {
              "Name": "greenshop-vpc"
            },
            "tags_all": {
              "Name": "greenshop-vpc"
            }
          },
          "sensitive_attributes": [],
          "identity_schema_version": 0,
          "private": "eyJzY2hlbWFfdmVyc2lvbiI6IjEifQ=="
        }
      ]
    },
    {
      "mode": "managed",
      "type": "tls_private_key",
      "name": "admin",
      "provider": "provider[\"registry.terraform.io/hashicorp/tls\"]",
      "instances": [
        {
          "schema_version": 1,
          "attributes": {
            "algorithm": "RSA",
            "ecdsa_curve": "P224",
            "id": "708f036f5121c670d945fad9a47179dc96bbf0c8",
            "private_key_openssh": "-----BEGIN OPENSSH PRIVATE KEY-----\nb3BlbnNzaC1rZXktdjEAAAAABG5vbmUAAAAEbm9uZQAAAAAAAAABAAACFwAAAAdz\nc2gtcnNhAAAAAwEAAQAAAgEA2YrwwQUeXllJ43n6MFkJktPOSl+olJZhu9ZWR9wa\nmePgBApzeBX977bwnbeSITKmhp7V7i7NQ6uiFNgt7aAwPxI60geSZUEduNG/KU+G\nKv1ynhkpDOFXU/yB9bbcBn3QPftXoSyZe5apwX4Et1ma3NXPeL26tXAxO6EIMyFH\n87oW4DHlffMEdfGZ4fp92MjG6fioGLpxQb+WCunHUUj6/8sI6kD+vLn+KMN2z8rd\n3zw2Ln+5QSLLIOLxVUNMe2AL/wJ72MSuUo9cKMVsCfk+5XNy9s9XQrCyg3oehPp4\nO7B4vUykbLKYQxPTU+qj3t7ly7sfBwQ7S5TIRDscrWOHzNwLBUlfM49bN1AdZCy2\nN2OOCvtfS4VjDwwOMg9zkhS/yER6xANf720YeHXUhkWpX+2+234163jD4cQ0Mfpi\n+q3oUb/14dqKOyFDk8noltB4bPYCrGx6WoQ1pDIoswC0xrMaNWIJcAxVpx8tAxWi\nsI4I2TlbbtRjDgXySi2+BhpCuia391MvZ9yzSskD7oGpQq5cCjRQEV1wuRpyF9RY\nWMvvJM/wm4tnGZWUr281LqyfNRl7A619ALUCOi0GBPv1pXJ2j3j2lXs1PjgMxzQ0\nYYoXxoxggvwnL6W/V/LEEpjGnqAzIfWRFD/8x1YG5KoS6w1AmkEcEWTPBbr6AVFe\n3tUAAAc4KP1lNij9ZTYAAAAHc3NoLXJzYQAAAgEA2YrwwQUeXllJ43n6MFkJktPO\nSl+olJZhu9ZWR9wamePgBApzeBX977bwnbeSITKmhp7V7i7NQ6uiFNgt7aAwPxI6\n0geSZUEduNG/KU+GKv1ynhkpDOFXU/yB9bbcBn3QPftXoSyZe5apwX4Et1ma3NXP\neL26tXAxO6EIMyFH87oW4DHlffMEdfGZ4fp92MjG6fioGLpxQb+WCunHUUj6/8sI\n6kD+vLn+KMN2z8rd3zw2Ln+5QSLLIOLxVUNMe2AL/wJ72MSuUo9cKMVsCfk+5XNy\n9s9XQrCyg3oehPp4O7B4vUykbLKYQxPTU+qj3t7ly7sfBwQ7S5TIRDscrWOHzNwL\nBUlfM49bN1AdZCy2N2OOCvtfS4VjDwwOMg9zkhS/yER6xANf720YeHXUhkWpX+2+\n234163jD4cQ0Mfpi+q3oUb/14dqKOyFDk8noltB4bPYCrGx6WoQ1pDIoswC0xrMa\nNWIJcAxVpx8tAxWisI4I2TlbbtRjDgXySi2+BhpCuia391MvZ9yzSskD7oGpQq5c\nCjRQEV1wuRpyF9RYWMvvJM/wm4tnGZWUr281LqyfNRl7A619ALUCOi0GBPv1pXJ2\nj3j2lXs1PjgMxzQ0YYoXxoxggvwnL6W/V/LEEpjGnqAzIfWRFD/8x1YG5KoS6w1A\nmkEcEWTPBbr6AVFe3tUAAAADAQABAAACAADQeauUo/3LwnBiOdg0fR9aQPYbpZCT\nf4opzejhn2KJbS1BXMKg/R0InPNPh0ct3rG3poAIbNGestyhHTWRLp0N1GqKMgzE\nUaLU0Ne2vynUs7kjyaONXxD8FlXKeXMMxYV14L4Zt060dwONFTdv08SVMvxLZDI0\nWVAqf31cLTNxtDmNS5lNGkHWxbIIM1sRuqzljBDg9yDn4V0+bXXrGrAacnjDWttv\nVs7llxbwC3nqdR7MxkTC0eqC7vmtZtE6FXwUO6J0GghKa8M7T0w6QqID7J+VPHO4\nyvJIYr+HWyveB+sC08VpuxLais/68OIaCNeFESNVlg3ntgLgtcVwZJxonGsOO71t\n5PlCqSWkUai6pr9Q7jMGI0caxDzahmmZLxivwqVVXA6mSe4EF4ieGhL9sncnXDI4\nLx+IcTx6VbBzaC+yw4WIPatx6OZ5dIraPIpnNn4Rf3b9JGUcxfMuWko1i7Ox2nw+\n7O1Qc0qUxiUV1+6Osfe2dO1ed62Npt4IcPC01jiWOYKXbh4+5Lei6vxELmkVKtv3\nSbTIgdnxz8V4DDZbD2TXN2fpaEWdv3iVRB60o4Klm5W92yaZKH8VXux5JVpTdESZ\nyA6dTSEVlIUT17rSGWgAfDdltrqr0+3Phol49/fJRboBt7kYZnNbkLyNd+mitDFh\n31gMg+X1pkQBAAABAQCHJl4z8Qnv9DHAOOiwx0Yk6b6qBITz8ZjQs1VD9x85vh1e\n6rNeGt2F+saicE7NVp25f6h4S5oQwA+kdZO5NWpRb39nGmkaocLFlk94mAEuxsKO\nrqujswgTKTUk9Tl6v1Vqvth+1CTKataAgMnSTl5P9FNcxin9z34XHbq6wzJ6qfZp\nf2nuE9Soq9XwLzjVq0FM95hA40mSTaztzqKd75bMtzOBUKJJH8OTaMhCql1zclPK\nJqz/XawdQpruNNJeJ6Z4XmgrWLQxHnLDpeH8KrhJuQv8ya80Wo0IB9yoCIlGJ/Bl\nras8BljxxjZ+mXmFTzDH9A2D4NAOCQiy1DK9hCVOAAABAQD2JWnmN8w3en0TKPZ7\nq+b3xVUDuGKRb2pApb9PpAm2nFbSp7qy5dYZManh1zp6Kf7+J0x1mciIt4DOrG4+\nip3nNmvQNYLbKw4tlJwyndxs3yJQHu8siY5ZptS0bLZjAflM8cuxp+OyvJ1Ot0ZM\nO2Fhpum0QxpCTMhZEfyM4ICNyuSsVvst4ZgjWD/vRBZkkBUZtg3typYeVncPp+An\n9iFE/FfdBz00Unea1GWbOnr46rPY8t2fYXqkgeNqKGMuNpQVHh/qEw+9mExUIv9N\nSRN/duUADxf+lRVfFzL06/ZcyVqW5kcp8uQ9tMyirzrPID8mPTHI3TOR4jmRH22N\n50qdAAABAQDiQGPAPKASlnqendoTKThx5UQ3dkMJM70YnbbSqdazrJ8oyCfq2hbh\nNcsTw4Mhu3SnHaCbYA2r3V6hP9kND+P65k9hQthJ8ZchPHqywKr3tddtTYhj5/EZ\nHSdQzLror272QCl1EA2pEdTmFr+ATFNcBEzHVG0r2qC93uPkma06D64O+e8orlnf\nklZRF6Of7YHtrmfYq0Fakzoq0socrhkbdHdyeirrsV5ZKwvk7ofNaAM+ODLNK4HH\nOOiGl9CNCw6CZYIxv0qPA3z+nY1sM6l9Q6rFH+vMpbQWhln5vVtpiiMpMD2s0msG\nCpv2mU61SM8qs6W9S0xdTC8X0m35fjOZAAAAAAEC\n-----END OPENSSH PRIVATE KEY-----\n",
            "private_key_pem": "-----BEGIN RSA PRIVATE KEY-----\nMIIJKgIBAAKCAgEA2YrwwQUeXllJ43n6MFkJktPOSl+olJZhu9ZWR9wamePgBApz\neBX977bwnbeSITKmhp7V7i7NQ6uiFNgt7aAwPxI60geSZUEduNG/KU+GKv1ynhkp\nDOFXU/yB9bbcBn3QPftXoSyZe5apwX4Et1ma3NXPeL26tXAxO6EIMyFH87oW4DHl\nffMEdfGZ4fp92MjG6fioGLpxQb+WCunHUUj6/8sI6kD+vLn+KMN2z8rd3zw2Ln+5\nQSLLIOLxVUNMe2AL/wJ72MSuUo9cKMVsCfk+5XNy9s9XQrCyg3oehPp4O7B4vUyk\nbLKYQxPTU+qj3t7ly7sfBwQ7S5TIRDscrWOHzNwLBUlfM49bN1AdZCy2N2OOCvtf\nS4VjDwwOMg9zkhS/yER6xANf720YeHXUhkWpX+2+234163jD4cQ0Mfpi+q3oUb/1\n4dqKOyFDk8noltB4bPYCrGx6WoQ1pDIoswC0xrMaNWIJcAxVpx8tAxWisI4I2Tlb\nbtRjDgXySi2+BhpCuia391MvZ9yzSskD7oGpQq5cCjRQEV1wuRpyF9RYWMvvJM/w\nm4tnGZWUr281LqyfNRl7A619ALUCOi0GBPv1pXJ2j3j2lXs1PjgMxzQ0YYoXxoxg\ngvwnL6W/V/LEEpjGnqAzIfWRFD/8x1YG5KoS6w1AmkEcEWTPBbr6AVFe3tUCAwEA\nAQKCAgAA0HmrlKP9y8JwYjnYNH0fWkD2G6WQk3+KKc3o4Z9iiW0tQVzCoP0dCJzz\nT4dHLd6xt6aACGzRnrLcoR01kS6dDdRqijIMxFGi1NDXtr8p1LO5I8mjjV8Q/BZV\nynlzDMWFdeC+GbdOtHcDjRU3b9PElTL8S2QyNFlQKn99XC0zcbQ5jUuZTRpB1sWy\nCDNbEbqs5YwQ4Pcg5+FdPm116xqwGnJ4w1rbb1bO5ZcW8At56nUezMZEwtHqgu75\nrWbROhV8FDuidBoISmvDO09MOkKiA+yflTxzuMrySGK/h1sr3gfrAtPFabsS2orP\n+vDiGgjXhREjVZYN57YC4LXFcGScaJxrDju9beT5QqklpFGouqa/UO4zBiNHGsQ8\n2oZpmS8Yr8KlVVwOpknuBBeInhoS/bJ3J1wyOC8fiHE8elWwc2gvssOFiD2rcejm\neXSK2jyKZzZ+EX92/SRlHMXzLlpKNYuzsdp8PuztUHNKlMYlFdfujrH3tnTtXnet\njabeCHDwtNY4ljmCl24ePuS3our8RC5pFSrb90m0yIHZ8c/FeAw2Ww9k1zdn6WhF\nnb94lUQetKOCpZuVvdsmmSh/FV7seSVaU3REmcgOnU0hFZSFE9e60hloAHw3Zba6\nq9Ptz4aJePf3yUW6Abe5GGZzW5C8jXfporQxYd9YDIPl9aZEAQKCAQEA9iVp5jfM\nN3p9Eyj2e6vm98VVA7hikW9qQKW/T6QJtpxW0qe6suXWGTGp4dc6ein+/idMdZnI\niLeAzqxuPoqd5zZr0DWC2ysOLZScMp3cbN8iUB7vLImOWabUtGy2YwH5TPHLsafj\nsrydTrdGTDthYabptEMaQkzIWRH8jOCAjcrkrFb7LeGYI1g/70QWZJAVGbYN7cqW\nHlZ3D6fgJ/YhRPxX3Qc9NFJ3mtRlmzp6+Oqz2PLdn2F6pIHjaihjLjaUFR4f6hMP\nvZhMVCL/TUkTf3blAA8X/pUVXxcy9Ov2XMlaluZHKfLkPbTMoq86zyA/Jj0xyN0z\nkeI5kR9tjedKnQKCAQEA4kBjwDygEpZ6np3aEyk4ceVEN3ZDCTO9GJ220qnWs6yf\nKMgn6toW4TXLE8ODIbt0px2gm2ANq91eoT/ZDQ/j+uZPYULYSfGXITx6ssCq97XX\nbU2IY+fxGR0nUMy66K9u9kApdRANqRHU5ha/gExTXARMx1RtK9qgvd7j5JmtOg+u\nDvnvKK5Z35JWURejn+2B7a5n2KtBWpM6KtLKHK4ZG3R3cnoq67FeWSsL5O6HzWgD\nPjgyzSuBxzjohpfQjQsOgmWCMb9KjwN8/p2NbDOpfUOqxR/rzKW0FoZZ+b1baYoj\nKTA9rNJrBgqb9plOtUjPKrOlvUtMXUwvF9Jt+X4zmQKCAQEAqNBCD+1Gtunf7AsU\n+P6NmnKQ+sszdtE1yv6h9anoK4CPn0v/pIAy1PaVr1kgNvakdoRXUPRWb0WDJrtl\npKkG4LMXQCXjCBNAVwxsD97qdRSXgOGmYSI6KcxcZx2D/OU2qInQjJg7drMbJAhY\nQyIaiJGkCMhYsw3b/hJy5d9260gyiuvgurfU0rDMsHk+7ltOzWJprSNaz5W3dFpL\nRrzsVlbGn8U+OasxclOnF84E1sCI9gqi6pM9PKQEZyMp2mD+MHmHo87M5dgUyUNz\nWvr6T1oodmDjsOtoS94qSYWnYj2KTqHCPsfht1xPWGfbaoCQLtabVUo3+x5vItOu\nHDt7lQKCAQEAn4XGz0PvmSuASVYC7H+jzKpZ7sDzgwl3ymNpBB+7wfN0RMzbWDts\n5l2HUegIDUCefzXkh6ix+vuaPRdHcm5B0CWS0oDO/1PXuxdpa59s7DrKKccA43Am\nDg8AKXgwUN9g3T9f+6nV998avSBM5ajrHXXqrKBaWRFNRJJjHEs+WDG2B9kxRv2n\nYHtNYN/J/nj3ox3VGm+lJLepy4fT+WTHTxRPI+f/Wy8z1qsDN+b22Vz87GGzb/W9\nCzqUuFFSOiARmt73bRvy9eL/voZXsHK8jhWn0lUvbJto3njb97oLOd6r696XncK+\nswPH85ckZ61uZC1GLrFopl+Q1LsJz1+sAQKCAQEAhyZeM/EJ7/QxwDjosMdGJOm+\nqgSE8/GY0LNVQ/cfOb4dXuqzXhrdhfrGonBOzVaduX+oeEuaEMAPpHWTuTVqUW9/\nZxppGqHCxZZPeJgBLsbCjq6ro7MIEyk1JPU5er9Var7YftQkymrWgIDJ0k5eT/RT\nXMYp/c9+Fx26usMyeqn2aX9p7hPUqKvV8C841atBTPeYQONJkk2s7c6ine+WzLcz\ngVCiSR/Dk2jIQqpdc3JTyias/12sHUKa7jTSXiemeF5oK1i0MR5yw6Xh/Cq4SbkL\n/MmvNFqNCAfcqAiJRifwZa2rPAZY8cY2fpl5hU8wx/QNg+DQDgkIstQyvYQlTg==\n-----END RSA PRIVATE KEY-----\n",
            "private_key_pem_pkcs8": "-----BEGIN PRIVATE KEY-----\nMIIJRAIBADANBgkqhkiG9w0BAQEFAASCCS4wggkqAgEAAoICAQDZivDBBR5eWUnj\nefowWQmS085KX6iUlmG71lZH3BqZ4+AECnN4Ff3vtvCdt5IhMqaGntXuLs1Dq6IU\n2C3toDA/EjrSB5JlQR240b8pT4Yq/XKeGSkM4VdT/IH1ttwGfdA9+1ehLJl7lqnB\nfgS3WZrc1c94vbq1cDE7oQgzIUfzuhbgMeV98wR18Znh+n3YyMbp+KgYunFBv5YK\n6cdRSPr/ywjqQP68uf4ow3bPyt3fPDYuf7lBIssg4vFVQ0x7YAv/AnvYxK5Sj1wo\nxWwJ+T7lc3L2z1dCsLKDeh6E+ng7sHi9TKRssphDE9NT6qPe3uXLux8HBDtLlMhE\nOxytY4fM3AsFSV8zj1s3UB1kLLY3Y44K+19LhWMPDA4yD3OSFL/IRHrEA1/vbRh4\nddSGRalf7b7bfjXreMPhxDQx+mL6rehRv/Xh2oo7IUOTyeiW0Hhs9gKsbHpahDWk\nMiizALTGsxo1YglwDFWnHy0DFaKwjgjZOVtu1GMOBfJKLb4GGkK6Jrf3Uy9n3LNK\nyQPugalCrlwKNFARXXC5GnIX1FhYy+8kz/Cbi2cZlZSvbzUurJ81GXsDrX0AtQI6\nLQYE+/WlcnaPePaVezU+OAzHNDRhihfGjGCC/Ccvpb9X8sQSmMaeoDMh9ZEUP/zH\nVgbkqhLrDUCaQRwRZM8FuvoBUV7e1QIDAQABAoICAADQeauUo/3LwnBiOdg0fR9a\nQPYbpZCTf4opzejhn2KJbS1BXMKg/R0InPNPh0ct3rG3poAIbNGestyhHTWRLp0N\n1GqKMgzEUaLU0Ne2vynUs7kjyaONXxD8FlXKeXMMxYV14L4Zt060dwONFTdv08SV\nMvxLZDI0WVAqf31cLTNxtDmNS5lNGkHWxbIIM1sRuqzljBDg9yDn4V0+bXXrGrAa\ncnjDWttvVs7llxbwC3nqdR7MxkTC0eqC7vmtZtE6FXwUO6J0GghKa8M7T0w6QqID\n7J+VPHO4yvJIYr+HWyveB+sC08VpuxLais/68OIaCNeFESNVlg3ntgLgtcVwZJxo\nnGsOO71t5PlCqSWkUai6pr9Q7jMGI0caxDzahmmZLxivwqVVXA6mSe4EF4ieGhL9\nsncnXDI4Lx+IcTx6VbBzaC+yw4WIPatx6OZ5dIraPIpnNn4Rf3b9JGUcxfMuWko1\ni7Ox2nw+7O1Qc0qUxiUV1+6Osfe2dO1ed62Npt4IcPC01jiWOYKXbh4+5Lei6vxE\nLmkVKtv3SbTIgdnxz8V4DDZbD2TXN2fpaEWdv3iVRB60o4Klm5W92yaZKH8VXux5\nJVpTdESZyA6dTSEVlIUT17rSGWgAfDdltrqr0+3Phol49/fJRboBt7kYZnNbkLyN\nd+mitDFh31gMg+X1pkQBAoIBAQD2JWnmN8w3en0TKPZ7q+b3xVUDuGKRb2pApb9P\npAm2nFbSp7qy5dYZManh1zp6Kf7+J0x1mciIt4DOrG4+ip3nNmvQNYLbKw4tlJwy\nndxs3yJQHu8siY5ZptS0bLZjAflM8cuxp+OyvJ1Ot0ZMO2Fhpum0QxpCTMhZEfyM\n4ICNyuSsVvst4ZgjWD/vRBZkkBUZtg3typYeVncPp+An9iFE/FfdBz00Unea1GWb\nOnr46rPY8t2fYXqkgeNqKGMuNpQVHh/qEw+9mExUIv9NSRN/duUADxf+lRVfFzL0\n6/ZcyVqW5kcp8uQ9tMyirzrPID8mPTHI3TOR4jmRH22N50qdAoIBAQDiQGPAPKAS\nlnqendoTKThx5UQ3dkMJM70YnbbSqdazrJ8oyCfq2hbhNcsTw4Mhu3SnHaCbYA2r\n3V6hP9kND+P65k9hQthJ8ZchPHqywKr3tddtTYhj5/EZHSdQzLror272QCl1EA2p\nEdTmFr+ATFNcBEzHVG0r2qC93uPkma06D64O+e8orlnfklZRF6Of7YHtrmfYq0Fa\nkzoq0socrhkbdHdyeirrsV5ZKwvk7ofNaAM+ODLNK4HHOOiGl9CNCw6CZYIxv0qP\nA3z+nY1sM6l9Q6rFH+vMpbQWhln5vVtpiiMpMD2s0msGCpv2mU61SM8qs6W9S0xd\nTC8X0m35fjOZAoIBAQCo0EIP7Ua26d/sCxT4/o2acpD6yzN20TXK/qH1qegrgI+f\nS/+kgDLU9pWvWSA29qR2hFdQ9FZvRYMmu2WkqQbgsxdAJeMIE0BXDGwP3up1FJeA\n4aZhIjopzFxnHYP85TaoidCMmDt2sxskCFhDIhqIkaQIyFizDdv+EnLl33brSDKK\n6+C6t9TSsMyweT7uW07NYmmtI1rPlbd0WktGvOxWVsafxT45qzFyU6cXzgTWwIj2\nCqLqkz08pARnIynaYP4weYejzszl2BTJQ3Na+vpPWih2YOOw62hL3ipJhadiPYpO\nocI+x+G3XE9YZ9tqgJAu1ptVSjf7Hm8i064cO3uVAoIBAQCfhcbPQ++ZK4BJVgLs\nf6PMqlnuwPODCXfKY2kEH7vB83REzNtYO2zmXYdR6AgNQJ5/NeSHqLH6+5o9F0dy\nbkHQJZLSgM7/U9e7F2lrn2zsOsopxwDjcCYODwApeDBQ32DdP1/7qdX33xq9IEzl\nqOsddeqsoFpZEU1EkmMcSz5YMbYH2TFG/adge01g38n+ePejHdUab6Ukt6nLh9P5\nZMdPFE8j5/9bLzPWqwM35vbZXPzsYbNv9b0LOpS4UVI6IBGa3vdtG/L14v++hlew\ncryOFafSVS9sm2jeeNv3ugs53qvr3pedwr6zA8fzlyRnrW5kLUYusWimX5DUuwnP\nX6wBAoIBAQCHJl4z8Qnv9DHAOOiwx0Yk6b6qBITz8ZjQs1VD9x85vh1e6rNeGt2F\n+saicE7NVp25f6h4S5oQwA+kdZO5NWpRb39nGmkaocLFlk94mAEuxsKOrqujswgT\nKTUk9Tl6v1Vqvth+1CTKataAgMnSTl5P9FNcxin9z34XHbq6wzJ6qfZpf2nuE9So\nq9XwLzjVq0FM95hA40mSTaztzqKd75bMtzOBUKJJH8OTaMhCql1zclPKJqz/Xawd\nQpruNNJeJ6Z4XmgrWLQxHnLDpeH8KrhJuQv8ya80Wo0IB9yoCIlGJ/Blras8Bljx\nxjZ+mXmFTzDH9A2D4NAOCQiy1DK9hCVO\n-----END PRIVATE KEY-----\n",
            "public_key_fingerprint_md5": "f7:01:c7:b6:8e:3c:bf:90:54:1f:df:73:6c:53:f3:e7",
            "public_key_fingerprint_sha256": "SHA256:2/pDaU49k/VW7z7z0uTThPHLVcycm8Ryzr1dxVKBA70",
            "public_key_openssh": "ssh-rsa AAAAB3NzaC1yc2EAAAADAQABAAACAQDZivDBBR5eWUnjefowWQmS085KX6iUlmG71lZH3BqZ4+AECnN4Ff3vtvCdt5IhMqaGntXuLs1Dq6IU2C3toDA/EjrSB5JlQR240b8pT4Yq/XKeGSkM4VdT/IH1ttwGfdA9+1ehLJl7lqnBfgS3WZrc1c94vbq1cDE7oQgzIUfzuhbgMeV98wR18Znh+n3YyMbp+KgYunFBv5YK6cdRSPr/ywjqQP68uf4ow3bPyt3fPDYuf7lBIssg4vFVQ0x7YAv/AnvYxK5Sj1woxWwJ+T7lc3L2z1dCsLKDeh6E+ng7sHi9TKRssphDE9NT6qPe3uXLux8HBDtLlMhEOxytY4fM3AsFSV8zj1s3UB1kLLY3Y44K+19LhWMPDA4yD3OSFL/IRHrEA1/vbRh4ddSGRalf7b7bfjXreMPhxDQx+mL6rehRv/Xh2oo7IUOTyeiW0Hhs9gKsbHpahDWkMiizALTGsxo1YglwDFWnHy0DFaKwjgjZOVtu1GMOBfJKLb4GGkK6Jrf3Uy9n3LNKyQPugalCrlwKNFARXXC5GnIX1FhYy+8kz/Cbi2cZlZSvbzUurJ81GXsDrX0AtQI6LQYE+/WlcnaPePaVezU+OAzHNDRhihfGjGCC/Ccvpb9X8sQSmMaeoDMh9ZEUP/zHVgbkqhLrDUCaQRwRZM8FuvoBUV7e1Q==\n",
            "public_key_pem": "-----BEGIN PUBLIC KEY-----\nMIICIjANBgkqhkiG9w0BAQEFAAOCAg8AMIICCgKCAgEA2YrwwQUeXllJ43n6MFkJ\nktPOSl+olJZhu9ZWR9wamePgBApzeBX977bwnbeSITKmhp7V7i7NQ6uiFNgt7aAw\nPxI60geSZUEduNG/KU+GKv1ynhkpDOFXU/yB9bbcBn3QPftXoSyZe5apwX4Et1ma\n3NXPeL26tXAxO6EIMyFH87oW4DHlffMEdfGZ4fp92MjG6fioGLpxQb+WCunHUUj6\n/8sI6kD+vLn+KMN2z8rd3zw2Ln+5QSLLIOLxVUNMe2AL/wJ72MSuUo9cKMVsCfk+\n5XNy9s9XQrCyg3oehPp4O7B4vUykbLKYQxPTU+qj3t7ly7sfBwQ7S5TIRDscrWOH\nzNwLBUlfM49bN1AdZCy2N2OOCvtfS4VjDwwOMg9zkhS/yER6xANf720YeHXUhkWp\nX+2+234163jD4cQ0Mfpi+q3oUb/14dqKOyFDk8noltB4bPYCrGx6WoQ1pDIoswC0\nxrMaNWIJcAxVpx8tAxWisI4I2TlbbtRjDgXySi2+BhpCuia391MvZ9yzSskD7oGp\nQq5cCjRQEV1wuRpyF9RYWMvvJM/wm4tnGZWUr281LqyfNRl7A619ALUCOi0GBPv1\npXJ2j3j2lXs1PjgMxzQ0YYoXxoxggvwnL6W/V/LEEpjGnqAzIfWRFD/8x1YG5KoS\n6w1AmkEcEWTPBbr6AVFe3tUCAwEAAQ==\n-----END PUBLIC KEY-----\n",
            "rsa_bits": 4096
          },
          "sensitive_attributes": [
            [
              {
                "type": "get_attr",
                "value": "private_key_openssh"
              }
            ],
            [
              {
                "type": "get_attr",
                "value": "private_key_pem"
              }
            ],
            [
              {
                "type": "get_attr",
                "value": "private_key_pem_pkcs8"
              }
            ]
          ],
          "identity_schema_version": 0
        }
      ]
    },
    {
      "mode": "managed",
      "type": "tls_private_key",
      "name": "bastion",
      "provider": "provider[\"registry.terraform.io/hashicorp/tls\"]",
      "instances": [
        {
          "schema_version": 1,
          "attributes": {
            "algorithm": "RSA",
            "ecdsa_curve": "P224",
            "id": "f0dd375266ed57fbde43d21471d27215caf887cd",
            "private_key_openssh": "-----BEGIN OPENSSH PRIVATE KEY-----\nb3BlbnNzaC1rZXktdjEAAAAABG5vbmUAAAAEbm9uZQAAAAAAAAABAAACFwAAAAdz\nc2gtcnNhAAAAAwEAAQAAAgEAzczwh5S9paGvpyfkbWdcTQZOage+56i9QMaBAzrc\nn9p2oRCPMOC0FQsNn6B5RqHJXPKzIOMU5a68AVZYngATKTkt7BtSaLsuEHVEq3qo\njs/MDfu47FFqgkRT+srTSTGMAWUVB7nDKvmsWCFzWQIPk+XF3JIvT2H5IYx7XY0G\nvebaDCvD3oq1itSp28g4jMU0L4RA8OCSVg8mTw1pzEVrsTcMIvVfwBf7MV/EpDce\nqModSKG7cMPWOfDGdGuGx+dlAYmJCLBdfdTY2UBM2orIz2LdhkZN/Qtb/HSe5nqy\nANYIYzTcMZH53b8zKATYZbdaYkj/U+d0KvgOae0hGz9bk/ggJPE0XBJR0GkAfFXI\nZnPD8YZ4EBWh9gmmrDyZbdojjJZPHKV8qc4Ao8CrBbwsGIMITVi/+2TUUJpPifxM\n49xaGDw3YKR+lIjeurCXQn28ThZMO7sHZxzZkkNoFxGMcIZTFzSyeYn/5pFS+22y\nUp2nB53ctnUSJRiRpWqd6tZNVzORCy047hO9KyCyvtnO1gqnKSyJx27GelB7+3pk\nzKDmi3B6tY3ZcvIStviTZ+XiRbH/rGkPlfzsecLbdYS5FkeGI1qsMfTSGanCOwq5\nDZk4bEqAQg1/cYqqboi3uMDu2dOj6Ps0Wy/22OQKN2VIWZIc+sB7ZYpF5FNi6c2q\nTdkAAAc4gHfUB4B31AcAAAAHc3NoLXJzYQAAAgEAzczwh5S9paGvpyfkbWdcTQZO\nage+56i9QMaBAzrcn9p2oRCPMOC0FQsNn6B5RqHJXPKzIOMU5a68AVZYngATKTkt\n7BtSaLsuEHVEq3qojs/MDfu47FFqgkRT+srTSTGMAWUVB7nDKvmsWCFzWQIPk+XF\n3JIvT2H5IYx7XY0GvebaDCvD3oq1itSp28g4jMU0L4RA8OCSVg8mTw1pzEVrsTcM\nIvVfwBf7MV/EpDceqModSKG7cMPWOfDGdGuGx+dlAYmJCLBdfdTY2UBM2orIz2Ld\nhkZN/Qtb/HSe5nqyANYIYzTcMZH53b8zKATYZbdaYkj/U+d0KvgOae0hGz9bk/gg\nJPE0XBJR0GkAfFXIZnPD8YZ4EBWh9gmmrDyZbdojjJZPHKV8qc4Ao8CrBbwsGIMI\nTVi/+2TUUJpPifxM49xaGDw3YKR+lIjeurCXQn28ThZMO7sHZxzZkkNoFxGMcIZT\nFzSyeYn/5pFS+22yUp2nB53ctnUSJRiRpWqd6tZNVzORCy047hO9KyCyvtnO1gqn\nKSyJx27GelB7+3pkzKDmi3B6tY3ZcvIStviTZ+XiRbH/rGkPlfzsecLbdYS5FkeG\nI1qsMfTSGanCOwq5DZk4bEqAQg1/cYqqboi3uMDu2dOj6Ps0Wy/22OQKN2VIWZIc\n+sB7ZYpF5FNi6c2qTdkAAAADAQABAAACAAEFjC+KhiSytSN6v96bxYCVY2GRePnM\nVub7XuV9wiqIZCl5b1IlcqEEtvqmPYvjkdNK2ieAfeVRAec6ZXWG8XfO+QK9aC76\nBOj5TnZQ3tIMrb1N1PWi+gjva82CLcMLT0Zff3Et7SfctiWrqHEWVBT4IX+uX+em\n1Ry83/NPZKuGYDbXJ2FtGPWGOwyka94/b8c8aRhSoq9XyZxZW1kNNcZn5bQtUysd\nNpBHCS8gHe0ZFpGg44RHcjWp7Ul9K8Qr/cHTvx3CefuKr7cbMFziYcvtXsVD1C9i\n9WZlftEM/8hTLhbHl6ZzjGtbJf1Q66RMbd/jvGH1s3HJXV4nWpBFakzP6wqKenxn\nJbeHLArueH2NWRWItmU8nAyAC9DQEv6P//8Apn3VpYQZwf5li5xyiF8JyFJSvWCB\n77fR44LXvW6r1ep/8zuXkfZh8VyISThwc7yQejh3ueotxEHMaghT4QwAfEYYWpXg\nkcCLormppiWAZ2x5IMjEqz9kXgRoQfL2g25dB969iotmdgbxTA51tYiJ2Of2J8No\nIv9Z62t9RxH2q9rO6V3+j+831KR7NVecoT4mwvoSl4Y64D2Ra59y+cEffQ7AZPVB\nN9xqwMe5WnXBnqRtOZgs7FJBr2EzSizUKoPOpuIBn9D/RAmL/5z6TSRVDsdYiEc+\nM54ua3sizZehAAABABM2bBxTkixJC3w5F1R1sLuk1ERINJIG1WA50fPQMqj2FK+K\nysc5YJnRZ9c90VgDqWrSRSSY1tKscR4AfHcs8swTyH/iFrEpbNJN6TnHdhSCt/Sm\nF8dNowlLEzaC0jWEjHPerS76AZU8o9Mhx/QFl90nNOgvY/B2rDp4jd7skKvZFBH8\nF2iFRACMWYTRJx3ZFitD4Fve7cyDpMcplIlFVghDyv5dPIJmeXABfSr7ikdQaYOo\nBqsTaaSomUVxTKHzMvhdh6fZPp4V9S1iGq34foWO8/gOc279dU9PmkUwp+F3MCTh\nfDZhmJcZuh8gMcItNon3XTzIPlvh3oxGD/IIm+UAAAEBANSXx9weZI7abmLMi7iF\nRl0LXJbzSo10REMeido54R36zfIfE7HUssaVOz9j42hUQAOGQ7scMXqaHLNd14E1\ncHv/3Y/B4q5XkvVzS13/WTN1PwtECBFZgWWuCDinK12MrdolEWZHGTe6wZ2L7LIT\nfjZPXs8LI8R43F9z7rLwLFlH0VB3kR8NUs0dYpw+C7eiuwv30MXH9ywGaM1EMurO\nP6dTODlztc75rGwBo83D5YVlQV8K72BQeD5Y9IiFGnhjQTxzjAchW0aVRPNZ0lyz\nVHCETlUZePMG1AMacYaKG3mRTFjd2h+cV3M8P2W5ygiQE3nzqezQOsvaoVTgQsPr\nsmkAAAEBAPfSH4kf0SsCZgGph/QSwXrRifY5E+XTCs+be9Ex2DKmt3HLfPEtVmA4\nLl2grsjA7psAH/4bWhgAZ29l47J3PYCzqmSYKKA5sQnEDZk1483HQx8HnZMcU7sn\noefzXSgyXpmM+Ia2u0bgiNoSH7WsKpAUwZeTiH9okdlAWt+HA+DWaMO3p8MeADlD\n/rZDjkv/nHxFCR4mrXFeE4uAo2JqamZXqLFcmmB4KdnbezoOjxs+C3EH1PCDnQ5E\nfJBiz9EzfM3fD4Ps/4lcjWnPiv/JwhD7Nhnk/sCdsRPeIivwimbD+0VGqU9SIDwr\nstdMZMYuUD61Suq0RkKFjkP6pEvvcfEAAAAAAQID\n-----END OPENSSH PRIVATE KEY-----\n",
            "private_key_pem": "-----BEGIN RSA PRIVATE KEY-----\nMIIJJwIBAAKCAgEAzczwh5S9paGvpyfkbWdcTQZOage+56i9QMaBAzrcn9p2oRCP\nMOC0FQsNn6B5RqHJXPKzIOMU5a68AVZYngATKTkt7BtSaLsuEHVEq3qojs/MDfu4\n7FFqgkRT+srTSTGMAWUVB7nDKvmsWCFzWQIPk+XF3JIvT2H5IYx7XY0GvebaDCvD\n3oq1itSp28g4jMU0L4RA8OCSVg8mTw1pzEVrsTcMIvVfwBf7MV/EpDceqModSKG7\ncMPWOfDGdGuGx+dlAYmJCLBdfdTY2UBM2orIz2LdhkZN/Qtb/HSe5nqyANYIYzTc\nMZH53b8zKATYZbdaYkj/U+d0KvgOae0hGz9bk/ggJPE0XBJR0GkAfFXIZnPD8YZ4\nEBWh9gmmrDyZbdojjJZPHKV8qc4Ao8CrBbwsGIMITVi/+2TUUJpPifxM49xaGDw3\nYKR+lIjeurCXQn28ThZMO7sHZxzZkkNoFxGMcIZTFzSyeYn/5pFS+22yUp2nB53c\ntnUSJRiRpWqd6tZNVzORCy047hO9KyCyvtnO1gqnKSyJx27GelB7+3pkzKDmi3B6\ntY3ZcvIStviTZ+XiRbH/rGkPlfzsecLbdYS5FkeGI1qsMfTSGanCOwq5DZk4bEqA\nQg1/cYqqboi3uMDu2dOj6Ps0Wy/22OQKN2VIWZIc+sB7ZYpF5FNi6c2qTdkCAwEA\nAQKCAgABBYwvioYksrUjer/em8WAlWNhkXj5zFbm+17lfcIqiGQpeW9SJXKhBLb6\npj2L45HTStongH3lUQHnOmV1hvF3zvkCvWgu+gTo+U52UN7SDK29TdT1ovoI72vN\ngi3DC09GX39xLe0n3LYlq6hxFlQU+CF/rl/nptUcvN/zT2SrhmA21ydhbRj1hjsM\npGveP2/HPGkYUqKvV8mcWVtZDTXGZ+W0LVMrHTaQRwkvIB3tGRaRoOOER3I1qe1J\nfSvEK/3B078dwnn7iq+3GzBc4mHL7V7FQ9QvYvVmZX7RDP/IUy4Wx5emc4xrWyX9\nUOukTG3f47xh9bNxyV1eJ1qQRWpMz+sKinp8ZyW3hywK7nh9jVkViLZlPJwMgAvQ\n0BL+j///AKZ91aWEGcH+ZYuccohfCchSUr1gge+30eOC171uq9Xqf/M7l5H2YfFc\niEk4cHO8kHo4d7nqLcRBzGoIU+EMAHxGGFqV4JHAi6K5qaYlgGdseSDIxKs/ZF4E\naEHy9oNuXQfevYqLZnYG8UwOdbWIidjn9ifDaCL/WetrfUcR9qvazuld/o/vN9Sk\nezVXnKE+JsL6EpeGOuA9kWufcvnBH30OwGT1QTfcasDHuVp1wZ6kbTmYLOxSQa9h\nM0os1CqDzqbiAZ/Q/0QJi/+c+k0kVQ7HWIhHPjOeLmt7Is2XoQKCAQEA1JfH3B5k\njtpuYsyLuIVGXQtclvNKjXREQx6J2jnhHfrN8h8TsdSyxpU7P2PjaFRAA4ZDuxwx\nepocs13XgTVwe//dj8HirleS9XNLXf9ZM3U/C0QIEVmBZa4IOKcrXYyt2iURZkcZ\nN7rBnYvsshN+Nk9ezwsjxHjcX3PusvAsWUfRUHeRHw1SzR1inD4Lt6K7C/fQxcf3\nLAZozUQy6s4/p1M4OXO1zvmsbAGjzcPlhWVBXwrvYFB4Plj0iIUaeGNBPHOMByFb\nRpVE81nSXLNUcIROVRl48wbUAxpxhoobeZFMWN3aH5xXczw/ZbnKCJATefOp7NA6\ny9qhVOBCw+uyaQKCAQEA99IfiR/RKwJmAamH9BLBetGJ9jkT5dMKz5t70THYMqa3\ncct88S1WYDguXaCuyMDumwAf/htaGABnb2Xjsnc9gLOqZJgooDmxCcQNmTXjzcdD\nHwedkxxTuyeh5/NdKDJemYz4hra7RuCI2hIftawqkBTBl5OIf2iR2UBa34cD4NZo\nw7enwx4AOUP+tkOOS/+cfEUJHiatcV4Ti4CjYmpqZleosVyaYHgp2dt7Og6PGz4L\ncQfU8IOdDkR8kGLP0TN8zd8Pg+z/iVyNac+K/8nCEPs2GeT+wJ2xE94iK/CKZsP7\nRUapT1IgPCuy10xkxi5QPrVK6rRGQoWOQ/qkS+9x8QKCAQAk2n8CEJ68CO+z3uOl\nxCzTemG9pUVaSjp/LC8XjosQ6GaFP4/pdwba2AniTk2gy2IhekgJirSlHUw2Z+Ew\n+/OY+10MS78hG/tU43zAOcDb48pfCJchctO0rbutHoWs/PMyatSeV1rux0hDKHuK\nz0hE3/N+jt7Pc2g4f990U6BMhd+qRF/68xNUjXCHx1W+qs4kH/yoHKcjkaTfWKA/\nBiwQtKN9iiqNS8jxHEOqKviB7HCtqjafCrQdkswpUnGpRwOLGDjBD65ECSJf0UVf\nXpMXwkfWBslpz9g3BYGCojRrGZ4Tlbn3WuHqDxqqZs+4Nkm6DVx6ugpHRopLLWlF\nj3lpAoIBAGvFANnM8FVX0axfYTQPA/y5KtncsH59bHIkF5A9sNs2DQh7iXYIVUu6\nos8slVXQMPNO9pq2olNVuaWEFaUCncheWXcthF1JOWgZziAWg151jQbtdOUIqJD3\nBz2rY5Obc/AqkdljlcWY12qd/xQuLsRBgn68NdvSSbrEdcBHIrSgCSczsszzOv2s\nSBRTBIqgOhkAnJp0D3EBjFZaNrMRu/uNm1ql/qx9FRYckFYLBsi+DpO06DE/ywjt\nV44iqmU7ksakfkbMxcOicAzXqIbb4n0oAbr5DqAM83jEXO/mxwkxqQ/TTsWj3UjN\naBSgsCJO+a6LgGzYwMUk910wnko3csECggEAEzZsHFOSLEkLfDkXVHWwu6TUREg0\nkgbVYDnR89AyqPYUr4rKxzlgmdFn1z3RWAOpatJFJJjW0qxxHgB8dyzyzBPIf+IW\nsSls0k3pOcd2FIK39KYXx02jCUsTNoLSNYSMc96tLvoBlTyj0yHH9AWX3Sc06C9j\n8HasOniN3uyQq9kUEfwXaIVEAIxZhNEnHdkWK0PgW97tzIOkxymUiUVWCEPK/l08\ngmZ5cAF9KvuKR1Bpg6gGqxNppKiZRXFMofMy+F2Hp9k+nhX1LWIarfh+hY7z+A5z\nbv11T0+aRTCn4XcwJOF8NmGYlxm6HyAxwi02ifddPMg+W+HejEYP8gib5Q==\n-----END RSA PRIVATE KEY-----\n",
            "private_key_pem_pkcs8": "-----BEGIN PRIVATE KEY-----\nMIIJQQIBADANBgkqhkiG9w0BAQEFAASCCSswggknAgEAAoICAQDNzPCHlL2loa+n\nJ+RtZ1xNBk5qB77nqL1AxoEDOtyf2nahEI8w4LQVCw2foHlGoclc8rMg4xTlrrwB\nVlieABMpOS3sG1Jouy4QdUSreqiOz8wN+7jsUWqCRFP6ytNJMYwBZRUHucMq+axY\nIXNZAg+T5cXcki9PYfkhjHtdjQa95toMK8PeirWK1KnbyDiMxTQvhEDw4JJWDyZP\nDWnMRWuxNwwi9V/AF/sxX8SkNx6oyh1Iobtww9Y58MZ0a4bH52UBiYkIsF191NjZ\nQEzaisjPYt2GRk39C1v8dJ7merIA1ghjNNwxkfndvzMoBNhlt1piSP9T53Qq+A5p\n7SEbP1uT+CAk8TRcElHQaQB8Vchmc8PxhngQFaH2CaasPJlt2iOMlk8cpXypzgCj\nwKsFvCwYgwhNWL/7ZNRQmk+J/Ezj3FoYPDdgpH6UiN66sJdCfbxOFkw7uwdnHNmS\nQ2gXEYxwhlMXNLJ5if/mkVL7bbJSnacHndy2dRIlGJGlap3q1k1XM5ELLTjuE70r\nILK+2c7WCqcpLInHbsZ6UHv7emTMoOaLcHq1jdly8hK2+JNn5eJFsf+saQ+V/Ox5\nwtt1hLkWR4YjWqwx9NIZqcI7CrkNmThsSoBCDX9xiqpuiLe4wO7Z06Po+zRbL/bY\n5Ao3ZUhZkhz6wHtlikXkU2LpzapN2QIDAQABAoICAAEFjC+KhiSytSN6v96bxYCV\nY2GRePnMVub7XuV9wiqIZCl5b1IlcqEEtvqmPYvjkdNK2ieAfeVRAec6ZXWG8XfO\n+QK9aC76BOj5TnZQ3tIMrb1N1PWi+gjva82CLcMLT0Zff3Et7SfctiWrqHEWVBT4\nIX+uX+em1Ry83/NPZKuGYDbXJ2FtGPWGOwyka94/b8c8aRhSoq9XyZxZW1kNNcZn\n5bQtUysdNpBHCS8gHe0ZFpGg44RHcjWp7Ul9K8Qr/cHTvx3CefuKr7cbMFziYcvt\nXsVD1C9i9WZlftEM/8hTLhbHl6ZzjGtbJf1Q66RMbd/jvGH1s3HJXV4nWpBFakzP\n6wqKenxnJbeHLArueH2NWRWItmU8nAyAC9DQEv6P//8Apn3VpYQZwf5li5xyiF8J\nyFJSvWCB77fR44LXvW6r1ep/8zuXkfZh8VyISThwc7yQejh3ueotxEHMaghT4QwA\nfEYYWpXgkcCLormppiWAZ2x5IMjEqz9kXgRoQfL2g25dB969iotmdgbxTA51tYiJ\n2Of2J8NoIv9Z62t9RxH2q9rO6V3+j+831KR7NVecoT4mwvoSl4Y64D2Ra59y+cEf\nfQ7AZPVBN9xqwMe5WnXBnqRtOZgs7FJBr2EzSizUKoPOpuIBn9D/RAmL/5z6TSRV\nDsdYiEc+M54ua3sizZehAoIBAQDUl8fcHmSO2m5izIu4hUZdC1yW80qNdERDHona\nOeEd+s3yHxOx1LLGlTs/Y+NoVEADhkO7HDF6mhyzXdeBNXB7/92PweKuV5L1c0td\n/1kzdT8LRAgRWYFlrgg4pytdjK3aJRFmRxk3usGdi+yyE342T17PCyPEeNxfc+6y\n8CxZR9FQd5EfDVLNHWKcPgu3orsL99DFx/csBmjNRDLqzj+nUzg5c7XO+axsAaPN\nw+WFZUFfCu9gUHg+WPSIhRp4Y0E8c4wHIVtGlUTzWdJcs1RwhE5VGXjzBtQDGnGG\niht5kUxY3dofnFdzPD9lucoIkBN586ns0DrL2qFU4ELD67JpAoIBAQD30h+JH9Er\nAmYBqYf0EsF60Yn2ORPl0wrPm3vRMdgyprdxy3zxLVZgOC5doK7IwO6bAB/+G1oY\nAGdvZeOydz2As6pkmCigObEJxA2ZNePNx0MfB52THFO7J6Hn810oMl6ZjPiGtrtG\n4IjaEh+1rCqQFMGXk4h/aJHZQFrfhwPg1mjDt6fDHgA5Q/62Q45L/5x8RQkeJq1x\nXhOLgKNiampmV6ixXJpgeCnZ23s6Do8bPgtxB9Twg50ORHyQYs/RM3zN3w+D7P+J\nXI1pz4r/ycIQ+zYZ5P7AnbET3iIr8Ipmw/tFRqlPUiA8K7LXTGTGLlA+tUrqtEZC\nhY5D+qRL73HxAoIBACTafwIQnrwI77Pe46XELNN6Yb2lRVpKOn8sLxeOixDoZoU/\nj+l3BtrYCeJOTaDLYiF6SAmKtKUdTDZn4TD785j7XQxLvyEb+1TjfMA5wNvjyl8I\nlyFy07Stu60ehaz88zJq1J5XWu7HSEMoe4rPSETf836O3s9zaDh/33RToEyF36pE\nX/rzE1SNcIfHVb6qziQf/KgcpyORpN9YoD8GLBC0o32KKo1LyPEcQ6oq+IHscK2q\nNp8KtB2SzClScalHA4sYOMEPrkQJIl/RRV9ekxfCR9YGyWnP2DcFgYKiNGsZnhOV\nufda4eoPGqpmz7g2SboNXHq6CkdGikstaUWPeWkCggEAa8UA2czwVVfRrF9hNA8D\n/Lkq2dywfn1sciQXkD2w2zYNCHuJdghVS7qizyyVVdAw8072mraiU1W5pYQVpQKd\nyF5Zdy2EXUk5aBnOIBaDXnWNBu105QiokPcHPatjk5tz8CqR2WOVxZjXap3/FC4u\nxEGCfrw129JJusR1wEcitKAJJzOyzPM6/axIFFMEiqA6GQCcmnQPcQGMVlo2sxG7\n+42bWqX+rH0VFhyQVgsGyL4Ok7ToMT/LCO1XjiKqZTuSxqR+RszFw6JwDNeohtvi\nfSgBuvkOoAzzeMRc7+bHCTGpD9NOxaPdSM1oFKCwIk75rouAbNjAxST3XTCeSjdy\nwQKCAQATNmwcU5IsSQt8ORdUdbC7pNRESDSSBtVgOdHz0DKo9hSvisrHOWCZ0WfX\nPdFYA6lq0kUkmNbSrHEeAHx3LPLME8h/4haxKWzSTek5x3YUgrf0phfHTaMJSxM2\ngtI1hIxz3q0u+gGVPKPTIcf0BZfdJzToL2Pwdqw6eI3e7JCr2RQR/BdohUQAjFmE\n0Scd2RYrQ+Bb3u3Mg6THKZSJRVYIQ8r+XTyCZnlwAX0q+4pHUGmDqAarE2mkqJlF\ncUyh8zL4XYen2T6eFfUtYhqt+H6FjvP4DnNu/XVPT5pFMKfhdzAk4Xw2YZiXGbof\nIDHCLTaJ9108yD5b4d6MRg/yCJvl\n-----END PRIVATE KEY-----\n",
            "public_key_fingerprint_md5": "4c:c1:93:b6:45:27:18:d1:2d:e8:78:83:f8:55:f7:4c",
            "public_key_fingerprint_sha256": "SHA256:xbg/F3M5yuIR0gY1Td6cxnX2n/z3+K8Qxzpa4aQ48WM",
            "public_key_openssh": "ssh-rsa AAAAB3NzaC1yc2EAAAADAQABAAACAQDNzPCHlL2loa+nJ+RtZ1xNBk5qB77nqL1AxoEDOtyf2nahEI8w4LQVCw2foHlGoclc8rMg4xTlrrwBVlieABMpOS3sG1Jouy4QdUSreqiOz8wN+7jsUWqCRFP6ytNJMYwBZRUHucMq+axYIXNZAg+T5cXcki9PYfkhjHtdjQa95toMK8PeirWK1KnbyDiMxTQvhEDw4JJWDyZPDWnMRWuxNwwi9V/AF/sxX8SkNx6oyh1Iobtww9Y58MZ0a4bH52UBiYkIsF191NjZQEzaisjPYt2GRk39C1v8dJ7merIA1ghjNNwxkfndvzMoBNhlt1piSP9T53Qq+A5p7SEbP1uT+CAk8TRcElHQaQB8Vchmc8PxhngQFaH2CaasPJlt2iOMlk8cpXypzgCjwKsFvCwYgwhNWL/7ZNRQmk+J/Ezj3FoYPDdgpH6UiN66sJdCfbxOFkw7uwdnHNmSQ2gXEYxwhlMXNLJ5if/mkVL7bbJSnacHndy2dRIlGJGlap3q1k1XM5ELLTjuE70rILK+2c7WCqcpLInHbsZ6UHv7emTMoOaLcHq1jdly8hK2+JNn5eJFsf+saQ+V/Ox5wtt1hLkWR4YjWqwx9NIZqcI7CrkNmThsSoBCDX9xiqpuiLe4wO7Z06Po+zRbL/bY5Ao3ZUhZkhz6wHtlikXkU2LpzapN2Q==\n",
            "public_key_pem": "-----BEGIN PUBLIC KEY-----\nMIICIjANBgkqhkiG9w0BAQEFAAOCAg8AMIICCgKCAgEAzczwh5S9paGvpyfkbWdc\nTQZOage+56i9QMaBAzrcn9p2oRCPMOC0FQsNn6B5RqHJXPKzIOMU5a68AVZYngAT\nKTkt7BtSaLsuEHVEq3qojs/MDfu47FFqgkRT+srTSTGMAWUVB7nDKvmsWCFzWQIP\nk+XF3JIvT2H5IYx7XY0GvebaDCvD3oq1itSp28g4jMU0L4RA8OCSVg8mTw1pzEVr\nsTcMIvVfwBf7MV/EpDceqModSKG7cMPWOfDGdGuGx+dlAYmJCLBdfdTY2UBM2orI\nz2LdhkZN/Qtb/HSe5nqyANYIYzTcMZH53b8zKATYZbdaYkj/U+d0KvgOae0hGz9b\nk/ggJPE0XBJR0GkAfFXIZnPD8YZ4EBWh9gmmrDyZbdojjJZPHKV8qc4Ao8CrBbws\nGIMITVi/+2TUUJpPifxM49xaGDw3YKR+lIjeurCXQn28ThZMO7sHZxzZkkNoFxGM\ncIZTFzSyeYn/5pFS+22yUp2nB53ctnUSJRiRpWqd6tZNVzORCy047hO9KyCyvtnO\n1gqnKSyJx27GelB7+3pkzKDmi3B6tY3ZcvIStviTZ+XiRbH/rGkPlfzsecLbdYS5\nFkeGI1qsMfTSGanCOwq5DZk4bEqAQg1/cYqqboi3uMDu2dOj6Ps0Wy/22OQKN2VI\nWZIc+sB7ZYpF5FNi6c2qTdkCAwEAAQ==\n-----END PUBLIC KEY-----\n",
            "rsa_bits": 4096
          },
          "sensitive_attributes": [
            [
              {
                "type": "get_attr",
                "value": "private_key_openssh"
              }
            ],
            [
              {
                "type": "get_attr",
                "value": "private_key_pem"
              }
            ],
            [
              {
                "type": "get_attr",
                "value": "private_key_pem_pkcs8"
              }
            ]
          ],
          "identity_schema_version": 0
        }
      ]
    }
  ],
  "check_results": null
}
